// !$*UTF8*$!
{
	archiveVersion = 1;
	classes = {
	};
	objectVersion = 46;
	objects = {

/* Begin PBXBuildFile section */
		15AB67CC208604C50094924B /* KIUIMasonryConstraint.m in Sources */ = {isa = PBXBuildFile; fileRef = 15AB67CB208604C50094924B /* KIUIMasonryConstraint.m */; };
		56077CB91DED2EE300CC4D0D /* main.m in Sources */ = {isa = PBXBuildFile; fileRef = 56077CB81DED2EE300CC4D0D /* main.m */; };
		56077CBC1DED2EE300CC4D0D /* AppDelegate.m in Sources */ = {isa = PBXBuildFile; fileRef = 56077CBB1DED2EE300CC4D0D /* AppDelegate.m */; };
		56077CBF1DED2EE300CC4D0D /* ViewController.m in Sources */ = {isa = PBXBuildFile; fileRef = 56077CBE1DED2EE300CC4D0D /* ViewController.m */; };
		56077CC21DED2EE300CC4D0D /* Main.storyboard in Resources */ = {isa = PBXBuildFile; fileRef = 56077CC01DED2EE300CC4D0D /* Main.storyboard */; };
		56077CC41DED2EE300CC4D0D /* Assets.xcassets in Resources */ = {isa = PBXBuildFile; fileRef = 56077CC31DED2EE300CC4D0D /* Assets.xcassets */; };
		56077CC71DED2EE300CC4D0D /* LaunchScreen.storyboard in Resources */ = {isa = PBXBuildFile; fileRef = 56077CC51DED2EE300CC4D0D /* LaunchScreen.storyboard */; };
		560D175F20416DEC009115E5 /* oneIcon@2x.png in Resources */ = {isa = PBXBuildFile; fileRef = 560D175B20416DEC009115E5 /* oneIcon@2x.png */; };
		560D176020416DEC009115E5 /* oneIcon@3x.png in Resources */ = {isa = PBXBuildFile; fileRef = 560D175C20416DEC009115E5 /* oneIcon@3x.png */; };
		560D176120416DEC009115E5 /* twoIcon@2x.png in Resources */ = {isa = PBXBuildFile; fileRef = 560D175D20416DEC009115E5 /* twoIcon@2x.png */; };
		560D176220416DEC009115E5 /* twoIcon@3x.png in Resources */ = {isa = PBXBuildFile; fileRef = 560D175E20416DEC009115E5 /* twoIcon@3x.png */; };
		56321F9B1E6E4DD60054A7D1 /* copyCode in Resources */ = {isa = PBXBuildFile; fileRef = 56321F9A1E6E4DD60054A7D1 /* copyCode */; };
		56328771205F92C300271875 /* CSWK_ViewController.m in Sources */ = {isa = PBXBuildFile; fileRef = 563286E6205F92C300271875 /* CSWK_ViewController.m */; };
		56328772205F92C300271875 /* JSBridgeOC.html in Resources */ = {isa = PBXBuildFile; fileRef = 563286E7205F92C300271875 /* JSBridgeOC.html */; };
		56328774205F92C300271875 /* Flur_ViewController.m in Sources */ = {isa = PBXBuildFile; fileRef = 563286ED205F92C300271875 /* Flur_ViewController.m */; };
		56328775205F92C300271875 /* GPU_ViewController.m in Sources */ = {isa = PBXBuildFile; fileRef = 563286EF205F92C300271875 /* GPU_ViewController.m */; };
		56328776205F92C300271875 /* GPUFlur_ViewController.m in Sources */ = {isa = PBXBuildFile; fileRef = 563286F1205F92C300271875 /* GPUFlur_ViewController.m */; };
		56328777205F92C300271875 /* UIImage+FEBoxBlur.m in Sources */ = {isa = PBXBuildFile; fileRef = 563286F3205F92C300271875 /* UIImage+FEBoxBlur.m */; };
		56328778205F92C300271875 /* UIImage+GPUImage.m in Sources */ = {isa = PBXBuildFile; fileRef = 563286F5205F92C300271875 /* UIImage+GPUImage.m */; };
		56328779205F92C300271875 /* KIMasonryViewController.m in Sources */ = {isa = PBXBuildFile; fileRef = 563286F8205F92C300271875 /* KIMasonryViewController.m */; };
		5632877A205F92C300271875 /* OtherViewController.m in Sources */ = {isa = PBXBuildFile; fileRef = 563286FA205F92C300271875 /* OtherViewController.m */; };
		5632877B205F92C300271875 /* Layer_Event_TestVC.m in Sources */ = {isa = PBXBuildFile; fileRef = 563286FD205F92C300271875 /* Layer_Event_TestVC.m */; };
		5632877C205F92C300271875 /* Layer_ViewController.m in Sources */ = {isa = PBXBuildFile; fileRef = 563286FF205F92C300271875 /* Layer_ViewController.m */; };
		5632877D205F92C300271875 /* Line_ViewController.m in Sources */ = {isa = PBXBuildFile; fileRef = 56328701205F92C300271875 /* Line_ViewController.m */; };
		5632877E205F92C300271875 /* MyCAShapeLayer.m in Sources */ = {isa = PBXBuildFile; fileRef = 56328703205F92C300271875 /* MyCAShapeLayer.m */; };
		5632877F205F92C300271875 /* QuartzCoreView.m in Sources */ = {isa = PBXBuildFile; fileRef = 56328705205F92C300271875 /* QuartzCoreView.m */; };
		56328780205F92C300271875 /* AlertOrActionSheet_ViewController.m in Sources */ = {isa = PBXBuildFile; fileRef = 56328709205F92C300271875 /* AlertOrActionSheet_ViewController.m */; };
		56328781205F92C300271875 /* SureCustomActionSheet.m in Sources */ = {isa = PBXBuildFile; fileRef = 5632870B205F92C300271875 /* SureCustomActionSheet.m */; };
		56328782205F92C300271875 /* UI_ViewController.m in Sources */ = {isa = PBXBuildFile; fileRef = 5632870D205F92C300271875 /* UI_ViewController.m */; };
		56328783205F92C300271875 /* UI_Input_VC.m in Sources */ = {isa = PBXBuildFile; fileRef = 56328710205F92C300271875 /* UI_Input_VC.m */; };
		56328784205F92C300271875 /* Face_ViewController.swift in Sources */ = {isa = PBXBuildFile; fileRef = 56328712205F92C300271875 /* Face_ViewController.swift */; };
		56328785205F92C300271875 /* TableVIew_ViewController.m in Sources */ = {isa = PBXBuildFile; fileRef = 56328715205F92C300271875 /* TableVIew_ViewController.m */; };
		56328786205F92C300271875 /* UITableView+Extension.m in Sources */ = {isa = PBXBuildFile; fileRef = 56328717205F92C300271875 /* UITableView+Extension.m */; };
		56328787205F92C300271875 /* IMG_ViewController.m in Sources */ = {isa = PBXBuildFile; fileRef = 5632871A205F92C300271875 /* IMG_ViewController.m */; };
		56328788205F92C300271875 /* OprationViewController.m in Sources */ = {isa = PBXBuildFile; fileRef = 5632871D205F92C300271875 /* OprationViewController.m */; };
		56328789205F92C300271875 /* APPIcon_ViewController.m in Sources */ = {isa = PBXBuildFile; fileRef = 56328720205F92C300271875 /* APPIcon_ViewController.m */; };
		5632878A205F92C300271875 /* RegurOrHtmlViewController.m in Sources */ = {isa = PBXBuildFile; fileRef = 56328723205F92C300271875 /* RegurOrHtmlViewController.m */; };
		5632878B205F92C300271875 /* Collection_VC.m in Sources */ = {isa = PBXBuildFile; fileRef = 56328726205F92C300271875 /* Collection_VC.m */; };
		5632878C205F92C300271875 /* Collection_ViewController.m in Sources */ = {isa = PBXBuildFile; fileRef = 56328728205F92C300271875 /* Collection_ViewController.m */; };
		5632878D205F92C300271875 /* Custom_CollectionViewCell.m in Sources */ = {isa = PBXBuildFile; fileRef = 5632872A205F92C300271875 /* Custom_CollectionViewCell.m */; };
		5632878E205F92C300271875 /* CustomLayout.m in Sources */ = {isa = PBXBuildFile; fileRef = 5632872C205F92C300271875 /* CustomLayout.m */; };
		5632878F205F92C300271875 /* CustomLineLayout.m in Sources */ = {isa = PBXBuildFile; fileRef = 5632872E205F92C300271875 /* CustomLineLayout.m */; };
		56328790205F92C300271875 /* AnimatedTransitioning.m in Sources */ = {isa = PBXBuildFile; fileRef = 56328731205F92C300271875 /* AnimatedTransitioning.m */; };
		56328791205F92C300271875 /* ChangeArray.m in Sources */ = {isa = PBXBuildFile; fileRef = 56328733205F92C300271875 /* ChangeArray.m */; };
		56328792205F92C300271875 /* PresentationController.m in Sources */ = {isa = PBXBuildFile; fileRef = 56328735205F92C300271875 /* PresentationController.m */; };
		56328793205F92C300271875 /* TargetViewController.m in Sources */ = {isa = PBXBuildFile; fileRef = 56328738205F92C300271875 /* TargetViewController.m */; };
		56328794205F92C300271875 /* Transition_ViewController.m in Sources */ = {isa = PBXBuildFile; fileRef = 5632873A205F92C300271875 /* Transition_ViewController.m */; };
		56328795205F92C300271875 /* TransitionDelegate.m in Sources */ = {isa = PBXBuildFile; fileRef = 5632873C205F92C300271875 /* TransitionDelegate.m */; };
		56328796205F92C300271875 /* gifImageViewController.swift in Sources */ = {isa = PBXBuildFile; fileRef = 5632873F205F92C300271875 /* gifImageViewController.swift */; };
		56328797205F92C300271875 /* Swift_ViewController.m in Sources */ = {isa = PBXBuildFile; fileRef = 56328741205F92C300271875 /* Swift_ViewController.m */; };
		56328798205F92C300271875 /* test.swift in Sources */ = {isa = PBXBuildFile; fileRef = 56328742205F92C300271875 /* test.swift */; };
		56328799205F92C300271875 /* GCD_ViewController.m in Sources */ = {isa = PBXBuildFile; fileRef = 56328746205F92C300271875 /* GCD_ViewController.m */; };
		5632879A205F92C300271875 /* HotFix_ViewController.m in Sources */ = {isa = PBXBuildFile; fileRef = 56328749205F92C300271875 /* HotFix_ViewController.m */; };
		5632879B205F92C300271875 /* KIHotFixTest.m in Sources */ = {isa = PBXBuildFile; fileRef = 5632874B205F92C300271875 /* KIHotFixTest.m */; };
		5632879C205F92C300271875 /* KIHotFixTool.m in Sources */ = {isa = PBXBuildFile; fileRef = 5632874D205F92C300271875 /* KIHotFixTool.m */; };
		5632879D205F92C300271875 /* ObjectC_ViewController.m in Sources */ = {isa = PBXBuildFile; fileRef = 5632874F205F92C300271875 /* ObjectC_ViewController.m */; };
		5632879E205F92C300271875 /* CYRuntimeViewController.m in Sources */ = {isa = PBXBuildFile; fileRef = 56328752205F92C300271875 /* CYRuntimeViewController.m */; };
		5632879F205F92C300271875 /* MsgSend_ViewController.m in Sources */ = {isa = PBXBuildFile; fileRef = 56328755205F92C300271875 /* MsgSend_ViewController.m */; };
		563287A0205F92C300271875 /* People+Categroy.m in Sources */ = {isa = PBXBuildFile; fileRef = 56328758205F92C300271875 /* People+Categroy.m */; };
		563287A1205F92C300271875 /* People.m in Sources */ = {isa = PBXBuildFile; fileRef = 5632875A205F92C300271875 /* People.m */; };
		563287A2205F92C300271875 /* PeopleProperty.m in Sources */ = {isa = PBXBuildFile; fileRef = 5632875C205F92C300271875 /* PeopleProperty.m */; };
		563287A3205F92C300271875 /* KINSTestViewController.m in Sources */ = {isa = PBXBuildFile; fileRef = 5632875F205F92C300271875 /* KINSTestViewController.m */; };
		563287A4205F92C300271875 /* BreakPoint_ViewController.m in Sources */ = {isa = PBXBuildFile; fileRef = 56328762205F92C300271875 /* BreakPoint_ViewController.m */; };
		563287A5205F92C300271875 /* ObjectCOther_ViewController.m in Sources */ = {isa = PBXBuildFile; fileRef = 56328765205F92C300271875 /* ObjectCOther_ViewController.m */; };
		563287A6205F92C300271875 /* Function.m in Sources */ = {isa = PBXBuildFile; fileRef = 56328769205F92C300271875 /* Function.m */; };
		563287A7205F92C300271875 /* UIImage+MYKit.m in Sources */ = {isa = PBXBuildFile; fileRef = 5632876B205F92C300271875 /* UIImage+MYKit.m */; };
		563287A8205F92C300271875 /* YYText_1_ViewController.m in Sources */ = {isa = PBXBuildFile; fileRef = 5632876E205F92C300271875 /* YYText_1_ViewController.m */; };
		563287A9205F92C300271875 /* YYTextViewController.m in Sources */ = {isa = PBXBuildFile; fileRef = 56328770205F92C300271875 /* YYTextViewController.m */; };
		563287AD205F968B00271875 /* KICustomBarOfColVC.m in Sources */ = {isa = PBXBuildFile; fileRef = 563287AC205F968B00271875 /* KICustomBarOfColVC.m */; };
		563794901E553CC000CA645C /* view-wechat-chat.gif in Resources */ = {isa = PBXBuildFile; fileRef = 5637948F1E553CC000CA645C /* view-wechat-chat.gif */; };
		563794971E56A0CB00CA645C /* FileHelp.m in Sources */ = {isa = PBXBuildFile; fileRef = 563794961E56A0CB00CA645C /* FileHelp.m */; };
		565891F01ECC1BC50025064E /* KIUIContainerControl.m in Sources */ = {isa = PBXBuildFile; fileRef = 565891EF1ECC1BC50025064E /* KIUIContainerControl.m */; };
		568488771E7920C6004F8A06 /* iphone.jpg in Resources */ = {isa = PBXBuildFile; fileRef = 568488761E7920C6004F8A06 /* iphone.jpg */; };
		5684888E1E7A82D3004F8A06 /* GCD.m in Sources */ = {isa = PBXBuildFile; fileRef = 5684888D1E7A82D3004F8A06 /* GCD.m */; };
		56C253B81E53EEAB00C5DA8E /* AFNHelp.m in Sources */ = {isa = PBXBuildFile; fileRef = 56C253B71E53EEAB00C5DA8E /* AFNHelp.m */; };
		56DE8F272060E19100729873 /* KICustomBean.m in Sources */ = {isa = PBXBuildFile; fileRef = 56DE8F262060E19100729873 /* KICustomBean.m */; };
		B4E30D39E9F3B45569775B27 /* Pods_example.framework in Frameworks */ = {isa = PBXBuildFile; fileRef = 779C6A4B6CE235DC557BB4B3 /* Pods_example.framework */; };
/* End PBXBuildFile section */

/* Begin PBXContainerItemProxy section */
		56077CCE1DED2EE300CC4D0D /* PBXContainerItemProxy */ = {
			isa = PBXContainerItemProxy;
			containerPortal = 56077CAC1DED2EE300CC4D0D /* Project object */;
			proxyType = 1;
			remoteGlobalIDString = 56077CB31DED2EE300CC4D0D;
			remoteInfo = example;
		};
		56077CD91DED2EE300CC4D0D /* PBXContainerItemProxy */ = {
			isa = PBXContainerItemProxy;
			containerPortal = 56077CAC1DED2EE300CC4D0D /* Project object */;
			proxyType = 1;
			remoteGlobalIDString = 56077CB31DED2EE300CC4D0D;
			remoteInfo = example;
		};
/* End PBXContainerItemProxy section */

/* Begin PBXCopyFilesBuildPhase section */
		569145DB2060A12C00A657E0 /* CopyFiles */ = {
			isa = PBXCopyFilesBuildPhase;
			buildActionMask = 2147483647;
			dstPath = "";
			dstSubfolderSpec = 10;
			files = (
			);
			runOnlyForDeploymentPostprocessing = 0;
		};
		569145DE2060B85F00A657E0 /* CopyFiles */ = {
			isa = PBXCopyFilesBuildPhase;
			buildActionMask = 2147483647;
			dstPath = "";
			dstSubfolderSpec = 7;
			files = (
			);
			runOnlyForDeploymentPostprocessing = 0;
		};
/* End PBXCopyFilesBuildPhase section */

/* Begin PBXFileReference section */
		15AB67CA208604C50094924B /* KIUIMasonryConstraint.h */ = {isa = PBXFileReference; lastKnownFileType = sourcecode.c.h; path = KIUIMasonryConstraint.h; sourceTree = "<group>"; };
		15AB67CB208604C50094924B /* KIUIMasonryConstraint.m */ = {isa = PBXFileReference; lastKnownFileType = sourcecode.c.objc; path = KIUIMasonryConstraint.m; sourceTree = "<group>"; };
		54145D33AAEE7E86D6F3F9C6 /* Pods_exampleTests.framework */ = {isa = PBXFileReference; explicitFileType = wrapper.framework; includeInIndex = 0; path = Pods_exampleTests.framework; sourceTree = BUILT_PRODUCTS_DIR; };
		56077CB41DED2EE300CC4D0D /* example.app */ = {isa = PBXFileReference; explicitFileType = wrapper.application; includeInIndex = 0; path = example.app; sourceTree = BUILT_PRODUCTS_DIR; };
		56077CB81DED2EE300CC4D0D /* main.m */ = {isa = PBXFileReference; lastKnownFileType = sourcecode.c.objc; path = main.m; sourceTree = "<group>"; };
		56077CBA1DED2EE300CC4D0D /* AppDelegate.h */ = {isa = PBXFileReference; lastKnownFileType = sourcecode.c.h; path = AppDelegate.h; sourceTree = "<group>"; };
		56077CBB1DED2EE300CC4D0D /* AppDelegate.m */ = {isa = PBXFileReference; lastKnownFileType = sourcecode.c.objc; path = AppDelegate.m; sourceTree = "<group>"; };
		56077CBD1DED2EE300CC4D0D /* ViewController.h */ = {isa = PBXFileReference; lastKnownFileType = sourcecode.c.h; path = ViewController.h; sourceTree = "<group>"; };
		56077CBE1DED2EE300CC4D0D /* ViewController.m */ = {isa = PBXFileReference; lastKnownFileType = sourcecode.c.objc; path = ViewController.m; sourceTree = "<group>"; };
		56077CC11DED2EE300CC4D0D /* Base */ = {isa = PBXFileReference; lastKnownFileType = file.storyboard; name = Base; path = Base.lproj/Main.storyboard; sourceTree = "<group>"; };
		56077CC31DED2EE300CC4D0D /* Assets.xcassets */ = {isa = PBXFileReference; lastKnownFileType = folder.assetcatalog; path = Assets.xcassets; sourceTree = "<group>"; };
		56077CC61DED2EE300CC4D0D /* Base */ = {isa = PBXFileReference; lastKnownFileType = file.storyboard; name = Base; path = Base.lproj/LaunchScreen.storyboard; sourceTree = "<group>"; };
		56077CC81DED2EE300CC4D0D /* Info.plist */ = {isa = PBXFileReference; lastKnownFileType = text.plist.xml; path = Info.plist; sourceTree = "<group>"; };
		56077CCD1DED2EE300CC4D0D /* exampleTests.xctest */ = {isa = PBXFileReference; explicitFileType = wrapper.cfbundle; includeInIndex = 0; path = exampleTests.xctest; sourceTree = BUILT_PRODUCTS_DIR; };
		56077CD81DED2EE300CC4D0D /* exampleUITests.xctest */ = {isa = PBXFileReference; explicitFileType = wrapper.cfbundle; includeInIndex = 0; path = exampleUITests.xctest; sourceTree = BUILT_PRODUCTS_DIR; };
		560D175B20416DEC009115E5 /* oneIcon@2x.png */ = {isa = PBXFileReference; lastKnownFileType = image.png; path = "oneIcon@2x.png"; sourceTree = "<group>"; };
		560D175C20416DEC009115E5 /* oneIcon@3x.png */ = {isa = PBXFileReference; lastKnownFileType = image.png; path = "oneIcon@3x.png"; sourceTree = "<group>"; };
		560D175D20416DEC009115E5 /* twoIcon@2x.png */ = {isa = PBXFileReference; lastKnownFileType = image.png; path = "twoIcon@2x.png"; sourceTree = "<group>"; };
		560D175E20416DEC009115E5 /* twoIcon@3x.png */ = {isa = PBXFileReference; lastKnownFileType = image.png; path = "twoIcon@3x.png"; sourceTree = "<group>"; };
		56321F9A1E6E4DD60054A7D1 /* copyCode */ = {isa = PBXFileReference; fileEncoding = 4; lastKnownFileType = text; path = copyCode; sourceTree = "<group>"; };
		563286E5205F92C300271875 /* CSWK_ViewController.h */ = {isa = PBXFileReference; fileEncoding = 4; lastKnownFileType = sourcecode.c.h; path = CSWK_ViewController.h; sourceTree = "<group>"; };
		563286E6205F92C300271875 /* CSWK_ViewController.m */ = {isa = PBXFileReference; fileEncoding = 4; lastKnownFileType = sourcecode.c.objc; path = CSWK_ViewController.m; sourceTree = "<group>"; };
		563286E7205F92C300271875 /* JSBridgeOC.html */ = {isa = PBXFileReference; fileEncoding = 4; lastKnownFileType = text.html; path = JSBridgeOC.html; sourceTree = "<group>"; };
		563286EC205F92C300271875 /* Flur_ViewController.h */ = {isa = PBXFileReference; fileEncoding = 4; lastKnownFileType = sourcecode.c.h; path = Flur_ViewController.h; sourceTree = "<group>"; };
		563286ED205F92C300271875 /* Flur_ViewController.m */ = {isa = PBXFileReference; fileEncoding = 4; lastKnownFileType = sourcecode.c.objc; path = Flur_ViewController.m; sourceTree = "<group>"; };
		563286EE205F92C300271875 /* GPU_ViewController.h */ = {isa = PBXFileReference; fileEncoding = 4; lastKnownFileType = sourcecode.c.h; path = GPU_ViewController.h; sourceTree = "<group>"; };
		563286EF205F92C300271875 /* GPU_ViewController.m */ = {isa = PBXFileReference; fileEncoding = 4; lastKnownFileType = sourcecode.c.objc; path = GPU_ViewController.m; sourceTree = "<group>"; };
		563286F0205F92C300271875 /* GPUFlur_ViewController.h */ = {isa = PBXFileReference; fileEncoding = 4; lastKnownFileType = sourcecode.c.h; path = GPUFlur_ViewController.h; sourceTree = "<group>"; };
		563286F1205F92C300271875 /* GPUFlur_ViewController.m */ = {isa = PBXFileReference; fileEncoding = 4; lastKnownFileType = sourcecode.c.objc; path = GPUFlur_ViewController.m; sourceTree = "<group>"; };
		563286F2205F92C300271875 /* UIImage+FEBoxBlur.h */ = {isa = PBXFileReference; fileEncoding = 4; lastKnownFileType = sourcecode.c.h; path = "UIImage+FEBoxBlur.h"; sourceTree = "<group>"; };
		563286F3205F92C300271875 /* UIImage+FEBoxBlur.m */ = {isa = PBXFileReference; fileEncoding = 4; lastKnownFileType = sourcecode.c.objc; path = "UIImage+FEBoxBlur.m"; sourceTree = "<group>"; };
		563286F4205F92C300271875 /* UIImage+GPUImage.h */ = {isa = PBXFileReference; fileEncoding = 4; lastKnownFileType = sourcecode.c.h; path = "UIImage+GPUImage.h"; sourceTree = "<group>"; };
		563286F5205F92C300271875 /* UIImage+GPUImage.m */ = {isa = PBXFileReference; fileEncoding = 4; lastKnownFileType = sourcecode.c.objc; path = "UIImage+GPUImage.m"; sourceTree = "<group>"; };
		563286F7205F92C300271875 /* KIMasonryViewController.h */ = {isa = PBXFileReference; fileEncoding = 4; lastKnownFileType = sourcecode.c.h; path = KIMasonryViewController.h; sourceTree = "<group>"; };
		563286F8205F92C300271875 /* KIMasonryViewController.m */ = {isa = PBXFileReference; fileEncoding = 4; lastKnownFileType = sourcecode.c.objc; path = KIMasonryViewController.m; sourceTree = "<group>"; };
		563286F9205F92C300271875 /* OtherViewController.h */ = {isa = PBXFileReference; fileEncoding = 4; lastKnownFileType = sourcecode.c.h; path = OtherViewController.h; sourceTree = "<group>"; };
		563286FA205F92C300271875 /* OtherViewController.m */ = {isa = PBXFileReference; fileEncoding = 4; lastKnownFileType = sourcecode.c.objc; path = OtherViewController.m; sourceTree = "<group>"; };
		563286FC205F92C300271875 /* Layer_Event_TestVC.h */ = {isa = PBXFileReference; fileEncoding = 4; lastKnownFileType = sourcecode.c.h; path = Layer_Event_TestVC.h; sourceTree = "<group>"; };
		563286FD205F92C300271875 /* Layer_Event_TestVC.m */ = {isa = PBXFileReference; fileEncoding = 4; lastKnownFileType = sourcecode.c.objc; path = Layer_Event_TestVC.m; sourceTree = "<group>"; };
		563286FE205F92C300271875 /* Layer_ViewController.h */ = {isa = PBXFileReference; fileEncoding = 4; lastKnownFileType = sourcecode.c.h; path = Layer_ViewController.h; sourceTree = "<group>"; };
		563286FF205F92C300271875 /* Layer_ViewController.m */ = {isa = PBXFileReference; fileEncoding = 4; lastKnownFileType = sourcecode.c.objc; path = Layer_ViewController.m; sourceTree = "<group>"; };
		56328700205F92C300271875 /* Line_ViewController.h */ = {isa = PBXFileReference; fileEncoding = 4; lastKnownFileType = sourcecode.c.h; path = Line_ViewController.h; sourceTree = "<group>"; };
		56328701205F92C300271875 /* Line_ViewController.m */ = {isa = PBXFileReference; fileEncoding = 4; lastKnownFileType = sourcecode.c.objc; path = Line_ViewController.m; sourceTree = "<group>"; };
		56328702205F92C300271875 /* MyCAShapeLayer.h */ = {isa = PBXFileReference; fileEncoding = 4; lastKnownFileType = sourcecode.c.h; path = MyCAShapeLayer.h; sourceTree = "<group>"; };
		56328703205F92C300271875 /* MyCAShapeLayer.m */ = {isa = PBXFileReference; fileEncoding = 4; lastKnownFileType = sourcecode.c.objc; path = MyCAShapeLayer.m; sourceTree = "<group>"; };
		56328704205F92C300271875 /* QuartzCoreView.h */ = {isa = PBXFileReference; fileEncoding = 4; lastKnownFileType = sourcecode.c.h; path = QuartzCoreView.h; sourceTree = "<group>"; };
		56328705205F92C300271875 /* QuartzCoreView.m */ = {isa = PBXFileReference; fileEncoding = 4; lastKnownFileType = sourcecode.c.objc; path = QuartzCoreView.m; sourceTree = "<group>"; };
		56328708205F92C300271875 /* AlertOrActionSheet_ViewController.h */ = {isa = PBXFileReference; fileEncoding = 4; lastKnownFileType = sourcecode.c.h; path = AlertOrActionSheet_ViewController.h; sourceTree = "<group>"; };
		56328709205F92C300271875 /* AlertOrActionSheet_ViewController.m */ = {isa = PBXFileReference; fileEncoding = 4; lastKnownFileType = sourcecode.c.objc; path = AlertOrActionSheet_ViewController.m; sourceTree = "<group>"; };
		5632870A205F92C300271875 /* SureCustomActionSheet.h */ = {isa = PBXFileReference; fileEncoding = 4; lastKnownFileType = sourcecode.c.h; path = SureCustomActionSheet.h; sourceTree = "<group>"; };
		5632870B205F92C300271875 /* SureCustomActionSheet.m */ = {isa = PBXFileReference; fileEncoding = 4; lastKnownFileType = sourcecode.c.objc; path = SureCustomActionSheet.m; sourceTree = "<group>"; };
		5632870C205F92C300271875 /* UI_ViewController.h */ = {isa = PBXFileReference; fileEncoding = 4; lastKnownFileType = sourcecode.c.h; path = UI_ViewController.h; sourceTree = "<group>"; };
		5632870D205F92C300271875 /* UI_ViewController.m */ = {isa = PBXFileReference; fileEncoding = 4; lastKnownFileType = sourcecode.c.objc; path = UI_ViewController.m; sourceTree = "<group>"; };
		5632870F205F92C300271875 /* UI_Input_VC.h */ = {isa = PBXFileReference; fileEncoding = 4; lastKnownFileType = sourcecode.c.h; path = UI_Input_VC.h; sourceTree = "<group>"; };
		56328710205F92C300271875 /* UI_Input_VC.m */ = {isa = PBXFileReference; fileEncoding = 4; lastKnownFileType = sourcecode.c.objc; path = UI_Input_VC.m; sourceTree = "<group>"; };
		56328712205F92C300271875 /* Face_ViewController.swift */ = {isa = PBXFileReference; fileEncoding = 4; lastKnownFileType = sourcecode.swift; path = Face_ViewController.swift; sourceTree = "<group>"; };
		56328714205F92C300271875 /* TableVIew_ViewController.h */ = {isa = PBXFileReference; fileEncoding = 4; lastKnownFileType = sourcecode.c.h; path = TableVIew_ViewController.h; sourceTree = "<group>"; };
		56328715205F92C300271875 /* TableVIew_ViewController.m */ = {isa = PBXFileReference; fileEncoding = 4; lastKnownFileType = sourcecode.c.objc; path = TableVIew_ViewController.m; sourceTree = "<group>"; };
		56328716205F92C300271875 /* UITableView+Extension.h */ = {isa = PBXFileReference; fileEncoding = 4; lastKnownFileType = sourcecode.c.h; path = "UITableView+Extension.h"; sourceTree = "<group>"; };
		56328717205F92C300271875 /* UITableView+Extension.m */ = {isa = PBXFileReference; fileEncoding = 4; lastKnownFileType = sourcecode.c.objc; path = "UITableView+Extension.m"; sourceTree = "<group>"; };
		56328719205F92C300271875 /* IMG_ViewController.h */ = {isa = PBXFileReference; fileEncoding = 4; lastKnownFileType = sourcecode.c.h; path = IMG_ViewController.h; sourceTree = "<group>"; };
		5632871A205F92C300271875 /* IMG_ViewController.m */ = {isa = PBXFileReference; fileEncoding = 4; lastKnownFileType = sourcecode.c.objc; path = IMG_ViewController.m; sourceTree = "<group>"; };
		5632871C205F92C300271875 /* OprationViewController.h */ = {isa = PBXFileReference; fileEncoding = 4; lastKnownFileType = sourcecode.c.h; path = OprationViewController.h; sourceTree = "<group>"; };
		5632871D205F92C300271875 /* OprationViewController.m */ = {isa = PBXFileReference; fileEncoding = 4; lastKnownFileType = sourcecode.c.objc; path = OprationViewController.m; sourceTree = "<group>"; };
		5632871F205F92C300271875 /* APPIcon_ViewController.h */ = {isa = PBXFileReference; fileEncoding = 4; lastKnownFileType = sourcecode.c.h; path = APPIcon_ViewController.h; sourceTree = "<group>"; };
		56328720205F92C300271875 /* APPIcon_ViewController.m */ = {isa = PBXFileReference; fileEncoding = 4; lastKnownFileType = sourcecode.c.objc; path = APPIcon_ViewController.m; sourceTree = "<group>"; };
		56328722205F92C300271875 /* RegurOrHtmlViewController.h */ = {isa = PBXFileReference; fileEncoding = 4; lastKnownFileType = sourcecode.c.h; path = RegurOrHtmlViewController.h; sourceTree = "<group>"; };
		56328723205F92C300271875 /* RegurOrHtmlViewController.m */ = {isa = PBXFileReference; fileEncoding = 4; lastKnownFileType = sourcecode.c.objc; path = RegurOrHtmlViewController.m; sourceTree = "<group>"; };
		56328725205F92C300271875 /* Collection_VC.h */ = {isa = PBXFileReference; fileEncoding = 4; lastKnownFileType = sourcecode.c.h; path = Collection_VC.h; sourceTree = "<group>"; };
		56328726205F92C300271875 /* Collection_VC.m */ = {isa = PBXFileReference; fileEncoding = 4; lastKnownFileType = sourcecode.c.objc; path = Collection_VC.m; sourceTree = "<group>"; };
		56328727205F92C300271875 /* Collection_ViewController.h */ = {isa = PBXFileReference; fileEncoding = 4; lastKnownFileType = sourcecode.c.h; path = Collection_ViewController.h; sourceTree = "<group>"; };
		56328728205F92C300271875 /* Collection_ViewController.m */ = {isa = PBXFileReference; fileEncoding = 4; lastKnownFileType = sourcecode.c.objc; path = Collection_ViewController.m; sourceTree = "<group>"; };
		56328729205F92C300271875 /* Custom_CollectionViewCell.h */ = {isa = PBXFileReference; fileEncoding = 4; lastKnownFileType = sourcecode.c.h; path = Custom_CollectionViewCell.h; sourceTree = "<group>"; };
		5632872A205F92C300271875 /* Custom_CollectionViewCell.m */ = {isa = PBXFileReference; fileEncoding = 4; lastKnownFileType = sourcecode.c.objc; path = Custom_CollectionViewCell.m; sourceTree = "<group>"; };
		5632872B205F92C300271875 /* CustomLayout.h */ = {isa = PBXFileReference; fileEncoding = 4; lastKnownFileType = sourcecode.c.h; path = CustomLayout.h; sourceTree = "<group>"; };
		5632872C205F92C300271875 /* CustomLayout.m */ = {isa = PBXFileReference; fileEncoding = 4; lastKnownFileType = sourcecode.c.objc; path = CustomLayout.m; sourceTree = "<group>"; };
		5632872D205F92C300271875 /* CustomLineLayout.h */ = {isa = PBXFileReference; fileEncoding = 4; lastKnownFileType = sourcecode.c.h; path = CustomLineLayout.h; sourceTree = "<group>"; };
		5632872E205F92C300271875 /* CustomLineLayout.m */ = {isa = PBXFileReference; fileEncoding = 4; lastKnownFileType = sourcecode.c.objc; path = CustomLineLayout.m; sourceTree = "<group>"; };
		56328730205F92C300271875 /* AnimatedTransitioning.h */ = {isa = PBXFileReference; fileEncoding = 4; lastKnownFileType = sourcecode.c.h; path = AnimatedTransitioning.h; sourceTree = "<group>"; };
		56328731205F92C300271875 /* AnimatedTransitioning.m */ = {isa = PBXFileReference; fileEncoding = 4; lastKnownFileType = sourcecode.c.objc; path = AnimatedTransitioning.m; sourceTree = "<group>"; };
		56328732205F92C300271875 /* ChangeArray.h */ = {isa = PBXFileReference; fileEncoding = 4; lastKnownFileType = sourcecode.c.h; path = ChangeArray.h; sourceTree = "<group>"; };
		56328733205F92C300271875 /* ChangeArray.m */ = {isa = PBXFileReference; fileEncoding = 4; lastKnownFileType = sourcecode.c.objc; path = ChangeArray.m; sourceTree = "<group>"; };
		56328734205F92C300271875 /* PresentationController.h */ = {isa = PBXFileReference; fileEncoding = 4; lastKnownFileType = sourcecode.c.h; path = PresentationController.h; sourceTree = "<group>"; };
		56328735205F92C300271875 /* PresentationController.m */ = {isa = PBXFileReference; fileEncoding = 4; lastKnownFileType = sourcecode.c.objc; path = PresentationController.m; sourceTree = "<group>"; };
		56328736205F92C300271875 /* Singleton.h */ = {isa = PBXFileReference; fileEncoding = 4; lastKnownFileType = sourcecode.c.h; path = Singleton.h; sourceTree = "<group>"; };
		56328737205F92C300271875 /* TargetViewController.h */ = {isa = PBXFileReference; fileEncoding = 4; lastKnownFileType = sourcecode.c.h; path = TargetViewController.h; sourceTree = "<group>"; };
		56328738205F92C300271875 /* TargetViewController.m */ = {isa = PBXFileReference; fileEncoding = 4; lastKnownFileType = sourcecode.c.objc; path = TargetViewController.m; sourceTree = "<group>"; };
		56328739205F92C300271875 /* Transition_ViewController.h */ = {isa = PBXFileReference; fileEncoding = 4; lastKnownFileType = sourcecode.c.h; path = Transition_ViewController.h; sourceTree = "<group>"; };
		5632873A205F92C300271875 /* Transition_ViewController.m */ = {isa = PBXFileReference; fileEncoding = 4; lastKnownFileType = sourcecode.c.objc; path = Transition_ViewController.m; sourceTree = "<group>"; };
		5632873B205F92C300271875 /* TransitionDelegate.h */ = {isa = PBXFileReference; fileEncoding = 4; lastKnownFileType = sourcecode.c.h; path = TransitionDelegate.h; sourceTree = "<group>"; };
		5632873C205F92C300271875 /* TransitionDelegate.m */ = {isa = PBXFileReference; fileEncoding = 4; lastKnownFileType = sourcecode.c.objc; path = TransitionDelegate.m; sourceTree = "<group>"; };
		5632873E205F92C300271875 /* example-Bridging-Header.h */ = {isa = PBXFileReference; fileEncoding = 4; lastKnownFileType = sourcecode.c.h; path = "example-Bridging-Header.h"; sourceTree = "<group>"; };
		5632873F205F92C300271875 /* gifImageViewController.swift */ = {isa = PBXFileReference; fileEncoding = 4; lastKnownFileType = sourcecode.swift; path = gifImageViewController.swift; sourceTree = "<group>"; };
		56328740205F92C300271875 /* Swift_ViewController.h */ = {isa = PBXFileReference; fileEncoding = 4; lastKnownFileType = sourcecode.c.h; path = Swift_ViewController.h; sourceTree = "<group>"; };
		56328741205F92C300271875 /* Swift_ViewController.m */ = {isa = PBXFileReference; fileEncoding = 4; lastKnownFileType = sourcecode.c.objc; path = Swift_ViewController.m; sourceTree = "<group>"; };
		56328742205F92C300271875 /* test.swift */ = {isa = PBXFileReference; fileEncoding = 4; lastKnownFileType = sourcecode.swift; path = test.swift; sourceTree = "<group>"; };
		56328745205F92C300271875 /* GCD_ViewController.h */ = {isa = PBXFileReference; fileEncoding = 4; lastKnownFileType = sourcecode.c.h; path = GCD_ViewController.h; sourceTree = "<group>"; };
		56328746205F92C300271875 /* GCD_ViewController.m */ = {isa = PBXFileReference; fileEncoding = 4; lastKnownFileType = sourcecode.c.objc; path = GCD_ViewController.m; sourceTree = "<group>"; };
		56328748205F92C300271875 /* HotFix_ViewController.h */ = {isa = PBXFileReference; fileEncoding = 4; lastKnownFileType = sourcecode.c.h; path = HotFix_ViewController.h; sourceTree = "<group>"; };
		56328749205F92C300271875 /* HotFix_ViewController.m */ = {isa = PBXFileReference; fileEncoding = 4; lastKnownFileType = sourcecode.c.objc; path = HotFix_ViewController.m; sourceTree = "<group>"; };
		5632874A205F92C300271875 /* KIHotFixTest.h */ = {isa = PBXFileReference; fileEncoding = 4; lastKnownFileType = sourcecode.c.h; path = KIHotFixTest.h; sourceTree = "<group>"; };
		5632874B205F92C300271875 /* KIHotFixTest.m */ = {isa = PBXFileReference; fileEncoding = 4; lastKnownFileType = sourcecode.c.objc; path = KIHotFixTest.m; sourceTree = "<group>"; };
		5632874C205F92C300271875 /* KIHotFixTool.h */ = {isa = PBXFileReference; fileEncoding = 4; lastKnownFileType = sourcecode.c.h; path = KIHotFixTool.h; sourceTree = "<group>"; };
		5632874D205F92C300271875 /* KIHotFixTool.m */ = {isa = PBXFileReference; fileEncoding = 4; lastKnownFileType = sourcecode.c.objc; path = KIHotFixTool.m; sourceTree = "<group>"; };
		5632874E205F92C300271875 /* ObjectC_ViewController.h */ = {isa = PBXFileReference; fileEncoding = 4; lastKnownFileType = sourcecode.c.h; path = ObjectC_ViewController.h; sourceTree = "<group>"; };
		5632874F205F92C300271875 /* ObjectC_ViewController.m */ = {isa = PBXFileReference; fileEncoding = 4; lastKnownFileType = sourcecode.c.objc; path = ObjectC_ViewController.m; sourceTree = "<group>"; };
		56328751205F92C300271875 /* CYRuntimeViewController.h */ = {isa = PBXFileReference; fileEncoding = 4; lastKnownFileType = sourcecode.c.h; path = CYRuntimeViewController.h; sourceTree = "<group>"; };
		56328752205F92C300271875 /* CYRuntimeViewController.m */ = {isa = PBXFileReference; fileEncoding = 4; lastKnownFileType = sourcecode.c.objc; path = CYRuntimeViewController.m; sourceTree = "<group>"; };
		56328754205F92C300271875 /* MsgSend_ViewController.h */ = {isa = PBXFileReference; fileEncoding = 4; lastKnownFileType = sourcecode.c.h; path = MsgSend_ViewController.h; sourceTree = "<group>"; };
		56328755205F92C300271875 /* MsgSend_ViewController.m */ = {isa = PBXFileReference; fileEncoding = 4; lastKnownFileType = sourcecode.c.objc; path = MsgSend_ViewController.m; sourceTree = "<group>"; };
		56328757205F92C300271875 /* People+Categroy.h */ = {isa = PBXFileReference; fileEncoding = 4; lastKnownFileType = sourcecode.c.h; path = "People+Categroy.h"; sourceTree = "<group>"; };
		56328758205F92C300271875 /* People+Categroy.m */ = {isa = PBXFileReference; fileEncoding = 4; lastKnownFileType = sourcecode.c.objc; path = "People+Categroy.m"; sourceTree = "<group>"; };
		56328759205F92C300271875 /* People.h */ = {isa = PBXFileReference; fileEncoding = 4; lastKnownFileType = sourcecode.c.h; path = People.h; sourceTree = "<group>"; };
		5632875A205F92C300271875 /* People.m */ = {isa = PBXFileReference; fileEncoding = 4; lastKnownFileType = sourcecode.c.objc; path = People.m; sourceTree = "<group>"; };
		5632875B205F92C300271875 /* PeopleProperty.h */ = {isa = PBXFileReference; fileEncoding = 4; lastKnownFileType = sourcecode.c.h; path = PeopleProperty.h; sourceTree = "<group>"; };
		5632875C205F92C300271875 /* PeopleProperty.m */ = {isa = PBXFileReference; fileEncoding = 4; lastKnownFileType = sourcecode.c.objc; path = PeopleProperty.m; sourceTree = "<group>"; };
		5632875E205F92C300271875 /* KINSTestViewController.h */ = {isa = PBXFileReference; fileEncoding = 4; lastKnownFileType = sourcecode.c.h; path = KINSTestViewController.h; sourceTree = "<group>"; };
		5632875F205F92C300271875 /* KINSTestViewController.m */ = {isa = PBXFileReference; fileEncoding = 4; lastKnownFileType = sourcecode.c.objc; path = KINSTestViewController.m; sourceTree = "<group>"; };
		56328761205F92C300271875 /* BreakPoint_ViewController.h */ = {isa = PBXFileReference; fileEncoding = 4; lastKnownFileType = sourcecode.c.h; path = BreakPoint_ViewController.h; sourceTree = "<group>"; };
		56328762205F92C300271875 /* BreakPoint_ViewController.m */ = {isa = PBXFileReference; fileEncoding = 4; lastKnownFileType = sourcecode.c.objc; path = BreakPoint_ViewController.m; sourceTree = "<group>"; };
		56328764205F92C300271875 /* ObjectCOther_ViewController.h */ = {isa = PBXFileReference; fileEncoding = 4; lastKnownFileType = sourcecode.c.h; path = ObjectCOther_ViewController.h; sourceTree = "<group>"; };
		56328765205F92C300271875 /* ObjectCOther_ViewController.m */ = {isa = PBXFileReference; fileEncoding = 4; lastKnownFileType = sourcecode.c.objc; path = ObjectCOther_ViewController.m; sourceTree = "<group>"; };
		56328768205F92C300271875 /* Function.h */ = {isa = PBXFileReference; fileEncoding = 4; lastKnownFileType = sourcecode.c.h; path = Function.h; sourceTree = "<group>"; };
		56328769205F92C300271875 /* Function.m */ = {isa = PBXFileReference; fileEncoding = 4; lastKnownFileType = sourcecode.c.objc; path = Function.m; sourceTree = "<group>"; };
		5632876A205F92C300271875 /* UIImage+MYKit.h */ = {isa = PBXFileReference; fileEncoding = 4; lastKnownFileType = sourcecode.c.h; path = "UIImage+MYKit.h"; sourceTree = "<group>"; };
		5632876B205F92C300271875 /* UIImage+MYKit.m */ = {isa = PBXFileReference; fileEncoding = 4; lastKnownFileType = sourcecode.c.objc; path = "UIImage+MYKit.m"; sourceTree = "<group>"; };
		5632876D205F92C300271875 /* YYText_1_ViewController.h */ = {isa = PBXFileReference; fileEncoding = 4; lastKnownFileType = sourcecode.c.h; path = YYText_1_ViewController.h; sourceTree = "<group>"; };
		5632876E205F92C300271875 /* YYText_1_ViewController.m */ = {isa = PBXFileReference; fileEncoding = 4; lastKnownFileType = sourcecode.c.objc; path = YYText_1_ViewController.m; sourceTree = "<group>"; };
		5632876F205F92C300271875 /* YYTextViewController.h */ = {isa = PBXFileReference; fileEncoding = 4; lastKnownFileType = sourcecode.c.h; path = YYTextViewController.h; sourceTree = "<group>"; };
		56328770205F92C300271875 /* YYTextViewController.m */ = {isa = PBXFileReference; fileEncoding = 4; lastKnownFileType = sourcecode.c.objc; path = YYTextViewController.m; sourceTree = "<group>"; };
		563287AB205F968B00271875 /* KICustomBarOfColVC.h */ = {isa = PBXFileReference; lastKnownFileType = sourcecode.c.h; path = KICustomBarOfColVC.h; sourceTree = "<group>"; };
		563287AC205F968B00271875 /* KICustomBarOfColVC.m */ = {isa = PBXFileReference; lastKnownFileType = sourcecode.c.objc; path = KICustomBarOfColVC.m; sourceTree = "<group>"; };
		5637948F1E553CC000CA645C /* view-wechat-chat.gif */ = {isa = PBXFileReference; lastKnownFileType = image.gif; path = "view-wechat-chat.gif"; sourceTree = "<group>"; };
		563794951E56A0CB00CA645C /* FileHelp.h */ = {isa = PBXFileReference; fileEncoding = 4; lastKnownFileType = sourcecode.c.h; path = FileHelp.h; sourceTree = "<group>"; };
		563794961E56A0CB00CA645C /* FileHelp.m */ = {isa = PBXFileReference; fileEncoding = 4; lastKnownFileType = sourcecode.c.objc; path = FileHelp.m; sourceTree = "<group>"; };
		565891EE1ECC1BC50025064E /* KIUIContainerControl.h */ = {isa = PBXFileReference; fileEncoding = 4; lastKnownFileType = sourcecode.c.h; path = KIUIContainerControl.h; sourceTree = "<group>"; };
		565891EF1ECC1BC50025064E /* KIUIContainerControl.m */ = {isa = PBXFileReference; fileEncoding = 4; lastKnownFileType = sourcecode.c.objc; path = KIUIContainerControl.m; sourceTree = "<group>"; };
		568488761E7920C6004F8A06 /* iphone.jpg */ = {isa = PBXFileReference; lastKnownFileType = image.jpeg; path = iphone.jpg; sourceTree = "<group>"; };
		5684888C1E7A82D3004F8A06 /* GCD.h */ = {isa = PBXFileReference; fileEncoding = 4; lastKnownFileType = sourcecode.c.h; path = GCD.h; sourceTree = "<group>"; };
		5684888D1E7A82D3004F8A06 /* GCD.m */ = {isa = PBXFileReference; fileEncoding = 4; lastKnownFileType = sourcecode.c.objc; path = GCD.m; sourceTree = "<group>"; };
		569145D920609E9000A657E0 /* XCTest.framework */ = {isa = PBXFileReference; lastKnownFileType = wrapper.framework; name = XCTest.framework; path = Platforms/iPhoneOS.platform/Developer/Library/Frameworks/XCTest.framework; sourceTree = DEVELOPER_DIR; };
		569145E12060DB3C00A657E0 /* exampleTests-Bridging-Header.h */ = {isa = PBXFileReference; lastKnownFileType = sourcecode.c.h; path = "exampleTests-Bridging-Header.h"; sourceTree = "<group>"; };
		56C253B61E53EEAB00C5DA8E /* AFNHelp.h */ = {isa = PBXFileReference; fileEncoding = 4; lastKnownFileType = sourcecode.c.h; path = AFNHelp.h; sourceTree = "<group>"; };
		56C253B71E53EEAB00C5DA8E /* AFNHelp.m */ = {isa = PBXFileReference; fileEncoding = 4; lastKnownFileType = sourcecode.c.objc; path = AFNHelp.m; sourceTree = "<group>"; };
		56D1AFD91DED61FB00B6E878 /* PrefixHeader.pch */ = {isa = PBXFileReference; lastKnownFileType = sourcecode.c.h; path = PrefixHeader.pch; sourceTree = "<group>"; };
		56DE8F252060E19100729873 /* KICustomBean.h */ = {isa = PBXFileReference; lastKnownFileType = sourcecode.c.h; path = KICustomBean.h; sourceTree = "<group>"; };
		56DE8F262060E19100729873 /* KICustomBean.m */ = {isa = PBXFileReference; lastKnownFileType = sourcecode.c.objc; path = KICustomBean.m; sourceTree = "<group>"; };
		648021377E39324018E9156E /* Pods-example.release.xcconfig */ = {isa = PBXFileReference; includeInIndex = 1; lastKnownFileType = text.xcconfig; name = "Pods-example.release.xcconfig"; path = "Pods/Target Support Files/Pods-example/Pods-example.release.xcconfig"; sourceTree = "<group>"; };
		779C6A4B6CE235DC557BB4B3 /* Pods_example.framework */ = {isa = PBXFileReference; explicitFileType = wrapper.framework; includeInIndex = 0; path = Pods_example.framework; sourceTree = BUILT_PRODUCTS_DIR; };
		9807C853E15BFDFD2B7E8406 /* Pods-example.debug.xcconfig */ = {isa = PBXFileReference; includeInIndex = 1; lastKnownFileType = text.xcconfig; name = "Pods-example.debug.xcconfig"; path = "Pods/Target Support Files/Pods-example/Pods-example.debug.xcconfig"; sourceTree = "<group>"; };
/* End PBXFileReference section */

/* Begin PBXFrameworksBuildPhase section */
		56077CB11DED2EE300CC4D0D /* Frameworks */ = {
			isa = PBXFrameworksBuildPhase;
			buildActionMask = 2147483647;
			files = (
				B4E30D39E9F3B45569775B27 /* Pods_example.framework in Frameworks */,
			);
			runOnlyForDeploymentPostprocessing = 0;
		};
		56077CCA1DED2EE300CC4D0D /* Frameworks */ = {
			isa = PBXFrameworksBuildPhase;
			buildActionMask = 2147483647;
			files = (
			);
			runOnlyForDeploymentPostprocessing = 0;
		};
		56077CD51DED2EE300CC4D0D /* Frameworks */ = {
			isa = PBXFrameworksBuildPhase;
			buildActionMask = 2147483647;
			files = (
			);
			runOnlyForDeploymentPostprocessing = 0;
		};
/* End PBXFrameworksBuildPhase section */

/* Begin PBXGroup section */
		15AB67C9208604860094924B /* Masonry约束 */ = {
			isa = PBXGroup;
			children = (
				15AB67CA208604C50094924B /* KIUIMasonryConstraint.h */,
				15AB67CB208604C50094924B /* KIUIMasonryConstraint.m */,
			);
			path = "Masonry约束";
			sourceTree = "<group>";
		};
		18975058ABE26A127CB52D80 /* Frameworks */ = {
			isa = PBXGroup;
			children = (
				569145D920609E9000A657E0 /* XCTest.framework */,
				779C6A4B6CE235DC557BB4B3 /* Pods_example.framework */,
				54145D33AAEE7E86D6F3F9C6 /* Pods_exampleTests.framework */,
			);
			name = Frameworks;
			sourceTree = "<group>";
		};
		27F738D3E825118420688E5C /* Pods */ = {
			isa = PBXGroup;
			children = (
				9807C853E15BFDFD2B7E8406 /* Pods-example.debug.xcconfig */,
				648021377E39324018E9156E /* Pods-example.release.xcconfig */,
			);
			name = Pods;
			sourceTree = "<group>";
		};
		56077CAB1DED2EE300CC4D0D = {
			isa = PBXGroup;
			children = (
				56077CB61DED2EE300CC4D0D /* example */,
				5637948E1E553CB700CA645C /* Resource */,
				56077CB51DED2EE300CC4D0D /* Products */,
				27F738D3E825118420688E5C /* Pods */,
				18975058ABE26A127CB52D80 /* Frameworks */,
				569145E12060DB3C00A657E0 /* exampleTests-Bridging-Header.h */,
			);
			sourceTree = "<group>";
		};
		56077CB51DED2EE300CC4D0D /* Products */ = {
			isa = PBXGroup;
			children = (
				56077CB41DED2EE300CC4D0D /* example.app */,
				56077CCD1DED2EE300CC4D0D /* exampleTests.xctest */,
				56077CD81DED2EE300CC4D0D /* exampleUITests.xctest */,
			);
			name = Products;
			sourceTree = "<group>";
		};
		56077CB61DED2EE300CC4D0D /* example */ = {
			isa = PBXGroup;
			children = (
				56C253B51E53EE8A00C5DA8E /* Tools */,
				56D1AFD31DED615000B6E878 /* 测试 */,
				56077CB71DED2EE300CC4D0D /* Supporting Files */,
			);
			path = example;
			sourceTree = "<group>";
		};
		56077CB71DED2EE300CC4D0D /* Supporting Files */ = {
			isa = PBXGroup;
			children = (
				560D175A20416DEC009115E5 /* customIcon */,
				56077CBA1DED2EE300CC4D0D /* AppDelegate.h */,
				56077CBB1DED2EE300CC4D0D /* AppDelegate.m */,
				56077CBD1DED2EE300CC4D0D /* ViewController.h */,
				56077CBE1DED2EE300CC4D0D /* ViewController.m */,
				56077CC01DED2EE300CC4D0D /* Main.storyboard */,
				56077CC31DED2EE300CC4D0D /* Assets.xcassets */,
				56077CC51DED2EE300CC4D0D /* LaunchScreen.storyboard */,
				56077CC81DED2EE300CC4D0D /* Info.plist */,
				56077CB81DED2EE300CC4D0D /* main.m */,
				56D1AFD91DED61FB00B6E878 /* PrefixHeader.pch */,
			);
			name = "Supporting Files";
			sourceTree = "<group>";
		};
		560D175A20416DEC009115E5 /* customIcon */ = {
			isa = PBXGroup;
			children = (
				560D175B20416DEC009115E5 /* oneIcon@2x.png */,
				560D175C20416DEC009115E5 /* oneIcon@3x.png */,
				560D175D20416DEC009115E5 /* twoIcon@2x.png */,
				560D175E20416DEC009115E5 /* twoIcon@3x.png */,
			);
			path = customIcon;
			sourceTree = SOURCE_ROOT;
		};
		563286E4205F92C300271875 /* WkWebView */ = {
			isa = PBXGroup;
			children = (
				563286E5205F92C300271875 /* CSWK_ViewController.h */,
				563286E6205F92C300271875 /* CSWK_ViewController.m */,
				563286E7205F92C300271875 /* JSBridgeOC.html */,
			);
			path = WkWebView;
			sourceTree = "<group>";
		};
		563286E8205F92C300271875 /* UI测试 */ = {
			isa = PBXGroup;
			children = (
				15AB67C9208604860094924B /* Masonry约束 */,
				563286F9205F92C300271875 /* OtherViewController.h */,
				563286FA205F92C300271875 /* OtherViewController.m */,
				563287AA205F964900271875 /* 工具条悬停 */,
				563286EB205F92C300271875 /* GPUImage 毛玻璃 */,
				563286F6205F92C300271875 /* MasonryTest */,
				563286FB205F92C300271875 /* sharpLayerOrBezier */,
				56328706205F92C300271875 /* UI测试 */,
				56328711205F92C300271875 /* 人脸识别 */,
				56328713205F92C300271875 /* 列表视图 */,
				56328718205F92C300271875 /* 图片显示相关 */,
				5632871B205F92C300271875 /* 多线程 */,
				5632871E205F92C300271875 /* 更换图标 */,
				56328721205F92C300271875 /* 正则&html代码片段 */,
				56328724205F92C300271875 /* 瀑布流 */,
				5632872F205F92C300271875 /* 转场动画 */,
			);
			path = "UI测试";
			sourceTree = "<group>";
		};
		563286EB205F92C300271875 /* GPUImage 毛玻璃 */ = {
			isa = PBXGroup;
			children = (
				563286EC205F92C300271875 /* Flur_ViewController.h */,
				563286ED205F92C300271875 /* Flur_ViewController.m */,
				563286EE205F92C300271875 /* GPU_ViewController.h */,
				563286EF205F92C300271875 /* GPU_ViewController.m */,
				563286F0205F92C300271875 /* GPUFlur_ViewController.h */,
				563286F1205F92C300271875 /* GPUFlur_ViewController.m */,
				563286F2205F92C300271875 /* UIImage+FEBoxBlur.h */,
				563286F3205F92C300271875 /* UIImage+FEBoxBlur.m */,
				563286F4205F92C300271875 /* UIImage+GPUImage.h */,
				563286F5205F92C300271875 /* UIImage+GPUImage.m */,
			);
			path = "GPUImage 毛玻璃";
			sourceTree = "<group>";
		};
		563286F6205F92C300271875 /* MasonryTest */ = {
			isa = PBXGroup;
			children = (
				563286F7205F92C300271875 /* KIMasonryViewController.h */,
				563286F8205F92C300271875 /* KIMasonryViewController.m */,
			);
			path = MasonryTest;
			sourceTree = "<group>";
		};
		563286FB205F92C300271875 /* sharpLayerOrBezier */ = {
			isa = PBXGroup;
			children = (
				563286FC205F92C300271875 /* Layer_Event_TestVC.h */,
				563286FD205F92C300271875 /* Layer_Event_TestVC.m */,
				563286FE205F92C300271875 /* Layer_ViewController.h */,
				563286FF205F92C300271875 /* Layer_ViewController.m */,
				56328700205F92C300271875 /* Line_ViewController.h */,
				56328701205F92C300271875 /* Line_ViewController.m */,
				56328702205F92C300271875 /* MyCAShapeLayer.h */,
				56328703205F92C300271875 /* MyCAShapeLayer.m */,
				56328704205F92C300271875 /* QuartzCoreView.h */,
				56328705205F92C300271875 /* QuartzCoreView.m */,
			);
			path = sharpLayerOrBezier;
			sourceTree = "<group>";
		};
		56328706205F92C300271875 /* UI测试 */ = {
			isa = PBXGroup;
			children = (
				56328707205F92C300271875 /* ActionSheetOrAlert */,
				5632870C205F92C300271875 /* UI_ViewController.h */,
				5632870D205F92C300271875 /* UI_ViewController.m */,
				5632870E205F92C300271875 /* 输入框 */,
			);
			path = "UI测试";
			sourceTree = "<group>";
		};
		56328707205F92C300271875 /* ActionSheetOrAlert */ = {
			isa = PBXGroup;
			children = (
				56328708205F92C300271875 /* AlertOrActionSheet_ViewController.h */,
				56328709205F92C300271875 /* AlertOrActionSheet_ViewController.m */,
				5632870A205F92C300271875 /* SureCustomActionSheet.h */,
				5632870B205F92C300271875 /* SureCustomActionSheet.m */,
			);
			path = ActionSheetOrAlert;
			sourceTree = "<group>";
		};
		5632870E205F92C300271875 /* 输入框 */ = {
			isa = PBXGroup;
			children = (
				5632870F205F92C300271875 /* UI_Input_VC.h */,
				56328710205F92C300271875 /* UI_Input_VC.m */,
			);
			path = "输入框";
			sourceTree = "<group>";
		};
		56328711205F92C300271875 /* 人脸识别 */ = {
			isa = PBXGroup;
			children = (
				56328712205F92C300271875 /* Face_ViewController.swift */,
			);
			path = "人脸识别";
			sourceTree = "<group>";
		};
		56328713205F92C300271875 /* 列表视图 */ = {
			isa = PBXGroup;
			children = (
				56328714205F92C300271875 /* TableVIew_ViewController.h */,
				56328715205F92C300271875 /* TableVIew_ViewController.m */,
				56328716205F92C300271875 /* UITableView+Extension.h */,
				56328717205F92C300271875 /* UITableView+Extension.m */,
			);
			path = "列表视图";
			sourceTree = "<group>";
		};
		56328718205F92C300271875 /* 图片显示相关 */ = {
			isa = PBXGroup;
			children = (
				56328719205F92C300271875 /* IMG_ViewController.h */,
				5632871A205F92C300271875 /* IMG_ViewController.m */,
			);
			path = "图片显示相关";
			sourceTree = "<group>";
		};
		5632871B205F92C300271875 /* 多线程 */ = {
			isa = PBXGroup;
			children = (
				5632871C205F92C300271875 /* OprationViewController.h */,
				5632871D205F92C300271875 /* OprationViewController.m */,
			);
			path = "多线程";
			sourceTree = "<group>";
		};
		5632871E205F92C300271875 /* 更换图标 */ = {
			isa = PBXGroup;
			children = (
				5632871F205F92C300271875 /* APPIcon_ViewController.h */,
				56328720205F92C300271875 /* APPIcon_ViewController.m */,
			);
			path = "更换图标";
			sourceTree = "<group>";
		};
		56328721205F92C300271875 /* 正则&html代码片段 */ = {
			isa = PBXGroup;
			children = (
				56328722205F92C300271875 /* RegurOrHtmlViewController.h */,
				56328723205F92C300271875 /* RegurOrHtmlViewController.m */,
			);
			path = "正则&html代码片段";
			sourceTree = "<group>";
		};
		56328724205F92C300271875 /* 瀑布流 */ = {
			isa = PBXGroup;
			children = (
				56328725205F92C300271875 /* Collection_VC.h */,
				56328726205F92C300271875 /* Collection_VC.m */,
				56328727205F92C300271875 /* Collection_ViewController.h */,
				56328728205F92C300271875 /* Collection_ViewController.m */,
				56328729205F92C300271875 /* Custom_CollectionViewCell.h */,
				5632872A205F92C300271875 /* Custom_CollectionViewCell.m */,
				5632872B205F92C300271875 /* CustomLayout.h */,
				5632872C205F92C300271875 /* CustomLayout.m */,
				5632872D205F92C300271875 /* CustomLineLayout.h */,
				5632872E205F92C300271875 /* CustomLineLayout.m */,
			);
			path = "瀑布流";
			sourceTree = "<group>";
		};
		5632872F205F92C300271875 /* 转场动画 */ = {
			isa = PBXGroup;
			children = (
				56328730205F92C300271875 /* AnimatedTransitioning.h */,
				56328731205F92C300271875 /* AnimatedTransitioning.m */,
				56328732205F92C300271875 /* ChangeArray.h */,
				56328733205F92C300271875 /* ChangeArray.m */,
				56328734205F92C300271875 /* PresentationController.h */,
				56328735205F92C300271875 /* PresentationController.m */,
				56328736205F92C300271875 /* Singleton.h */,
				56328737205F92C300271875 /* TargetViewController.h */,
				56328738205F92C300271875 /* TargetViewController.m */,
				56328739205F92C300271875 /* Transition_ViewController.h */,
				5632873A205F92C300271875 /* Transition_ViewController.m */,
				5632873B205F92C300271875 /* TransitionDelegate.h */,
				5632873C205F92C300271875 /* TransitionDelegate.m */,
			);
			path = "转场动画";
			sourceTree = "<group>";
		};
		5632873D205F92C300271875 /* SwiftTest */ = {
			isa = PBXGroup;
			children = (
				5632873F205F92C300271875 /* gifImageViewController.swift */,
				56328740205F92C300271875 /* Swift_ViewController.h */,
				56328741205F92C300271875 /* Swift_ViewController.m */,
				56328742205F92C300271875 /* test.swift */,
			);
			path = SwiftTest;
			sourceTree = "<group>";
		};
		56328743205F92C300271875 /* ObjectTest */ = {
			isa = PBXGroup;
			children = (
				5632874E205F92C300271875 /* ObjectC_ViewController.h */,
				5632874F205F92C300271875 /* ObjectC_ViewController.m */,
				56328744205F92C300271875 /* GCD */,
				56328747205F92C300271875 /* HotFix */,
				56328750205F92C300271875 /* Runtime */,
				5632875D205F92C300271875 /* 强弱引用测试 */,
				56328760205F92C300271875 /* 断点测试 */,
				56328763205F92C300271875 /* 杂 */,
			);
			path = ObjectTest;
			sourceTree = "<group>";
		};
		56328744205F92C300271875 /* GCD */ = {
			isa = PBXGroup;
			children = (
				56328745205F92C300271875 /* GCD_ViewController.h */,
				56328746205F92C300271875 /* GCD_ViewController.m */,
			);
			path = GCD;
			sourceTree = "<group>";
		};
		56328747205F92C300271875 /* HotFix */ = {
			isa = PBXGroup;
			children = (
				56328748205F92C300271875 /* HotFix_ViewController.h */,
				56328749205F92C300271875 /* HotFix_ViewController.m */,
				5632874A205F92C300271875 /* KIHotFixTest.h */,
				5632874B205F92C300271875 /* KIHotFixTest.m */,
				5632874C205F92C300271875 /* KIHotFixTool.h */,
				5632874D205F92C300271875 /* KIHotFixTool.m */,
			);
			path = HotFix;
			sourceTree = "<group>";
		};
		56328750205F92C300271875 /* Runtime */ = {
			isa = PBXGroup;
			children = (
				56328751205F92C300271875 /* CYRuntimeViewController.h */,
				56328752205F92C300271875 /* CYRuntimeViewController.m */,
				56328753205F92C300271875 /* objc_msgSend_test */,
				56328756205F92C300271875 /* 类的方法属性测试 */,
			);
			path = Runtime;
			sourceTree = "<group>";
		};
		56328753205F92C300271875 /* objc_msgSend_test */ = {
			isa = PBXGroup;
			children = (
				56328754205F92C300271875 /* MsgSend_ViewController.h */,
				56328755205F92C300271875 /* MsgSend_ViewController.m */,
			);
			path = objc_msgSend_test;
			sourceTree = "<group>";
		};
		56328756205F92C300271875 /* 类的方法属性测试 */ = {
			isa = PBXGroup;
			children = (
				56328757205F92C300271875 /* People+Categroy.h */,
				56328758205F92C300271875 /* People+Categroy.m */,
				56328759205F92C300271875 /* People.h */,
				5632875A205F92C300271875 /* People.m */,
				5632875B205F92C300271875 /* PeopleProperty.h */,
				5632875C205F92C300271875 /* PeopleProperty.m */,
			);
			path = "类的方法属性测试";
			sourceTree = "<group>";
		};
		5632875D205F92C300271875 /* 强弱引用测试 */ = {
			isa = PBXGroup;
			children = (
				5632875E205F92C300271875 /* KINSTestViewController.h */,
				5632875F205F92C300271875 /* KINSTestViewController.m */,
			);
			path = "强弱引用测试";
			sourceTree = "<group>";
		};
		56328760205F92C300271875 /* 断点测试 */ = {
			isa = PBXGroup;
			children = (
				56328761205F92C300271875 /* BreakPoint_ViewController.h */,
				56328762205F92C300271875 /* BreakPoint_ViewController.m */,
			);
			path = "断点测试";
			sourceTree = "<group>";
		};
		56328763205F92C300271875 /* 杂 */ = {
			isa = PBXGroup;
			children = (
				56328764205F92C300271875 /* ObjectCOther_ViewController.h */,
				56328765205F92C300271875 /* ObjectCOther_ViewController.m */,
			);
			path = "杂";
			sourceTree = "<group>";
		};
		56328766205F92C300271875 /* 第三方训练场 */ = {
			isa = PBXGroup;
			children = (
				56328767205F92C300271875 /* YYkit */,
			);
			path = "第三方训练场";
			sourceTree = "<group>";
		};
		56328767205F92C300271875 /* YYkit */ = {
			isa = PBXGroup;
			children = (
				56328768205F92C300271875 /* Function.h */,
				56328769205F92C300271875 /* Function.m */,
				5632876A205F92C300271875 /* UIImage+MYKit.h */,
				5632876B205F92C300271875 /* UIImage+MYKit.m */,
				5632876C205F92C300271875 /* YYText */,
			);
			path = YYkit;
			sourceTree = "<group>";
		};
		5632876C205F92C300271875 /* YYText */ = {
			isa = PBXGroup;
			children = (
				5632876D205F92C300271875 /* YYText_1_ViewController.h */,
				5632876E205F92C300271875 /* YYText_1_ViewController.m */,
				5632876F205F92C300271875 /* YYTextViewController.h */,
				56328770205F92C300271875 /* YYTextViewController.m */,
				56DE8F252060E19100729873 /* KICustomBean.h */,
				56DE8F262060E19100729873 /* KICustomBean.m */,
			);
			path = YYText;
			sourceTree = "<group>";
		};
		563287AA205F964900271875 /* 工具条悬停 */ = {
			isa = PBXGroup;
			children = (
				563287AB205F968B00271875 /* KICustomBarOfColVC.h */,
				563287AC205F968B00271875 /* KICustomBarOfColVC.m */,
			);
			path = "工具条悬停";
			sourceTree = "<group>";
		};
		5637948E1E553CB700CA645C /* Resource */ = {
			isa = PBXGroup;
			children = (
				568488761E7920C6004F8A06 /* iphone.jpg */,
				5637948F1E553CC000CA645C /* view-wechat-chat.gif */,
				56321F9A1E6E4DD60054A7D1 /* copyCode */,
			);
			path = Resource;
			sourceTree = "<group>";
		};
		56C253B51E53EE8A00C5DA8E /* Tools */ = {
			isa = PBXGroup;
			children = (
				56C253B61E53EEAB00C5DA8E /* AFNHelp.h */,
				56C253B71E53EEAB00C5DA8E /* AFNHelp.m */,
				563794951E56A0CB00CA645C /* FileHelp.h */,
				563794961E56A0CB00CA645C /* FileHelp.m */,
				5684888C1E7A82D3004F8A06 /* GCD.h */,
				5684888D1E7A82D3004F8A06 /* GCD.m */,
				565891EE1ECC1BC50025064E /* KIUIContainerControl.h */,
				565891EF1ECC1BC50025064E /* KIUIContainerControl.m */,
			);
			path = Tools;
			sourceTree = "<group>";
		};
		56D1AFD31DED615000B6E878 /* 测试 */ = {
			isa = PBXGroup;
			children = (
				56328766205F92C300271875 /* 第三方训练场 */,
				563286E8205F92C300271875 /* UI测试 */,
				56328743205F92C300271875 /* ObjectTest */,
				5632873D205F92C300271875 /* SwiftTest */,
				563286E4205F92C300271875 /* WkWebView */,
				5632873E205F92C300271875 /* example-Bridging-Header.h */,
			);
			path = "测试";
			sourceTree = "<group>";
		};
/* End PBXGroup section */

/* Begin PBXNativeTarget section */
		56077CB31DED2EE300CC4D0D /* example */ = {
			isa = PBXNativeTarget;
			buildConfigurationList = 56077CE11DED2EE300CC4D0D /* Build configuration list for PBXNativeTarget "example" */;
			buildPhases = (
				3DCB52003F8E73A825177FFD /* [CP] Check Pods Manifest.lock */,
				56077CB01DED2EE300CC4D0D /* Sources */,
				56077CB11DED2EE300CC4D0D /* Frameworks */,
				56077CB21DED2EE300CC4D0D /* Resources */,
				8D7705F615E2CC6041685286 /* [CP] Embed Pods Frameworks */,
				569145DB2060A12C00A657E0 /* CopyFiles */,
			);
			buildRules = (
			);
			dependencies = (
			);
			name = example;
			productName = example;
			productReference = 56077CB41DED2EE300CC4D0D /* example.app */;
			productType = "com.apple.product-type.application";
		};
		56077CCC1DED2EE300CC4D0D /* exampleTests */ = {
			isa = PBXNativeTarget;
			buildConfigurationList = 56077CE41DED2EE300CC4D0D /* Build configuration list for PBXNativeTarget "exampleTests" */;
			buildPhases = (
				56077CC91DED2EE300CC4D0D /* Sources */,
				56077CCA1DED2EE300CC4D0D /* Frameworks */,
				56077CCB1DED2EE300CC4D0D /* Resources */,
				569145DE2060B85F00A657E0 /* CopyFiles */,
			);
			buildRules = (
			);
			dependencies = (
				56077CCF1DED2EE300CC4D0D /* PBXTargetDependency */,
			);
			name = exampleTests;
			productName = exampleTests;
			productReference = 56077CCD1DED2EE300CC4D0D /* exampleTests.xctest */;
			productType = "com.apple.product-type.bundle.unit-test";
		};
		56077CD71DED2EE300CC4D0D /* exampleUITests */ = {
			isa = PBXNativeTarget;
			buildConfigurationList = 56077CE71DED2EE300CC4D0D /* Build configuration list for PBXNativeTarget "exampleUITests" */;
			buildPhases = (
				56077CD41DED2EE300CC4D0D /* Sources */,
				56077CD51DED2EE300CC4D0D /* Frameworks */,
				56077CD61DED2EE300CC4D0D /* Resources */,
			);
			buildRules = (
			);
			dependencies = (
				56077CDA1DED2EE300CC4D0D /* PBXTargetDependency */,
			);
			name = exampleUITests;
			productName = exampleUITests;
			productReference = 56077CD81DED2EE300CC4D0D /* exampleUITests.xctest */;
			productType = "com.apple.product-type.bundle.ui-testing";
		};
/* End PBXNativeTarget section */

/* Begin PBXProject section */
		56077CAC1DED2EE300CC4D0D /* Project object */ = {
			isa = PBXProject;
			attributes = {
				CLASSPREFIX = KI;
				LastUpgradeCheck = 0800;
				ORGANIZATIONNAME = d2c_cyf;
				TargetAttributes = {
					56077CB31DED2EE300CC4D0D = {
						CreatedOnToolsVersion = 8.0;
						DevelopmentTeam = 8TQ5J5ANUH;
						LastSwiftMigration = 0810;
						ProvisioningStyle = Automatic;
						SystemCapabilities = {
							com.apple.BackgroundModes = {
								enabled = 1;
							};
						};
					};
					56077CCC1DED2EE300CC4D0D = {
						CreatedOnToolsVersion = 8.0;
						LastSwiftMigration = 0920;
						ProvisioningStyle = Automatic;
						TestTargetID = 56077CB31DED2EE300CC4D0D;
					};
					56077CD71DED2EE300CC4D0D = {
						CreatedOnToolsVersion = 8.0;
						ProvisioningStyle = Automatic;
						TestTargetID = 56077CB31DED2EE300CC4D0D;
					};
				};
			};
			buildConfigurationList = 56077CAF1DED2EE300CC4D0D /* Build configuration list for PBXProject "example" */;
			compatibilityVersion = "Xcode 3.2";
			developmentRegion = English;
			hasScannedForEncodings = 0;
			knownRegions = (
				en,
				Base,
			);
			mainGroup = 56077CAB1DED2EE300CC4D0D;
			productRefGroup = 56077CB51DED2EE300CC4D0D /* Products */;
			projectDirPath = "";
			projectRoot = "";
			targets = (
				56077CB31DED2EE300CC4D0D /* example */,
				56077CCC1DED2EE300CC4D0D /* exampleTests */,
				56077CD71DED2EE300CC4D0D /* exampleUITests */,
			);
		};
/* End PBXProject section */

/* Begin PBXResourcesBuildPhase section */
		56077CB21DED2EE300CC4D0D /* Resources */ = {
			isa = PBXResourcesBuildPhase;
			buildActionMask = 2147483647;
			files = (
				568488771E7920C6004F8A06 /* iphone.jpg in Resources */,
				56321F9B1E6E4DD60054A7D1 /* copyCode in Resources */,
				56328772205F92C300271875 /* JSBridgeOC.html in Resources */,
				56077CC71DED2EE300CC4D0D /* LaunchScreen.storyboard in Resources */,
				563794901E553CC000CA645C /* view-wechat-chat.gif in Resources */,
				560D176220416DEC009115E5 /* twoIcon@3x.png in Resources */,
				560D176120416DEC009115E5 /* twoIcon@2x.png in Resources */,
				560D176020416DEC009115E5 /* oneIcon@3x.png in Resources */,
				56077CC41DED2EE300CC4D0D /* Assets.xcassets in Resources */,
				560D175F20416DEC009115E5 /* oneIcon@2x.png in Resources */,
				56077CC21DED2EE300CC4D0D /* Main.storyboard in Resources */,
			);
			runOnlyForDeploymentPostprocessing = 0;
		};
		56077CCB1DED2EE300CC4D0D /* Resources */ = {
			isa = PBXResourcesBuildPhase;
			buildActionMask = 2147483647;
			files = (
			);
			runOnlyForDeploymentPostprocessing = 0;
		};
		56077CD61DED2EE300CC4D0D /* Resources */ = {
			isa = PBXResourcesBuildPhase;
			buildActionMask = 2147483647;
			files = (
			);
			runOnlyForDeploymentPostprocessing = 0;
		};
/* End PBXResourcesBuildPhase section */

/* Begin PBXShellScriptBuildPhase section */
		3DCB52003F8E73A825177FFD /* [CP] Check Pods Manifest.lock */ = {
			isa = PBXShellScriptBuildPhase;
			buildActionMask = 2147483647;
			files = (
			);
			inputPaths = (
				"${PODS_PODFILE_DIR_PATH}/Podfile.lock",
				"${PODS_ROOT}/Manifest.lock",
			);
			name = "[CP] Check Pods Manifest.lock";
			outputPaths = (
				"$(DERIVED_FILE_DIR)/Pods-example-checkManifestLockResult.txt",
			);
			runOnlyForDeploymentPostprocessing = 0;
			shellPath = /bin/sh;
			shellScript = "diff \"${PODS_PODFILE_DIR_PATH}/Podfile.lock\" \"${PODS_ROOT}/Manifest.lock\" > /dev/null\nif [ $? != 0 ] ; then\n    # print error to STDERR\n    echo \"error: The sandbox is not in sync with the Podfile.lock. Run 'pod install' or update your CocoaPods installation.\" >&2\n    exit 1\nfi\n# This output is used by Xcode 'outputs' to avoid re-running this script phase.\necho \"SUCCESS\" > \"${SCRIPT_OUTPUT_FILE_0}\"\n";
			showEnvVarsInLog = 0;
		};
		8D7705F615E2CC6041685286 /* [CP] Embed Pods Frameworks */ = {
			isa = PBXShellScriptBuildPhase;
			buildActionMask = 2147483647;
			files = (
			);
			inputPaths = (
				"${SRCROOT}/Pods/Target Support Files/Pods-example/Pods-example-frameworks.sh",
				"${BUILT_PRODUCTS_DIR}/AFNetworking/AFNetworking.framework",
				"${BUILT_PRODUCTS_DIR}/Aspects/Aspects.framework",
				"${BUILT_PRODUCTS_DIR}/ESCategories/ESCategories.framework",
				"${BUILT_PRODUCTS_DIR}/FMDB/FMDB.framework",
				"${BUILT_PRODUCTS_DIR}/GPUImage/GPUImage.framework",
				"${BUILT_PRODUCTS_DIR}/JLRoutes/JLRoutes.framework",
				"${BUILT_PRODUCTS_DIR}/MBProgressHUD/MBProgressHUD.framework",
				"${BUILT_PRODUCTS_DIR}/MJExtension/MJExtension.framework",
				"${BUILT_PRODUCTS_DIR}/MJRefresh/MJRefresh.framework",
				"${BUILT_PRODUCTS_DIR}/Masonry/Masonry.framework",
				"${BUILT_PRODUCTS_DIR}/QMUIKit/QMUIKit.framework",
				"${BUILT_PRODUCTS_DIR}/RTRootNavigationController/RTRootNavigationController.framework",
				"${BUILT_PRODUCTS_DIR}/ReactiveCocoa/ReactiveCocoa.framework",
				"${BUILT_PRODUCTS_DIR}/SDWebImage/SDWebImage.framework",
				"${BUILT_PRODUCTS_DIR}/YYModel/YYModel.framework",
			);
			name = "[CP] Embed Pods Frameworks";
			outputPaths = (
				"${TARGET_BUILD_DIR}/${FRAMEWORKS_FOLDER_PATH}/AFNetworking.framework",
				"${TARGET_BUILD_DIR}/${FRAMEWORKS_FOLDER_PATH}/Aspects.framework",
				"${TARGET_BUILD_DIR}/${FRAMEWORKS_FOLDER_PATH}/ESCategories.framework",
				"${TARGET_BUILD_DIR}/${FRAMEWORKS_FOLDER_PATH}/FMDB.framework",
				"${TARGET_BUILD_DIR}/${FRAMEWORKS_FOLDER_PATH}/GPUImage.framework",
				"${TARGET_BUILD_DIR}/${FRAMEWORKS_FOLDER_PATH}/JLRoutes.framework",
				"${TARGET_BUILD_DIR}/${FRAMEWORKS_FOLDER_PATH}/MBProgressHUD.framework",
				"${TARGET_BUILD_DIR}/${FRAMEWORKS_FOLDER_PATH}/MJExtension.framework",
				"${TARGET_BUILD_DIR}/${FRAMEWORKS_FOLDER_PATH}/MJRefresh.framework",
				"${TARGET_BUILD_DIR}/${FRAMEWORKS_FOLDER_PATH}/Masonry.framework",
				"${TARGET_BUILD_DIR}/${FRAMEWORKS_FOLDER_PATH}/QMUIKit.framework",
				"${TARGET_BUILD_DIR}/${FRAMEWORKS_FOLDER_PATH}/RTRootNavigationController.framework",
				"${TARGET_BUILD_DIR}/${FRAMEWORKS_FOLDER_PATH}/ReactiveCocoa.framework",
				"${TARGET_BUILD_DIR}/${FRAMEWORKS_FOLDER_PATH}/SDWebImage.framework",
				"${TARGET_BUILD_DIR}/${FRAMEWORKS_FOLDER_PATH}/YYModel.framework",
			);
			runOnlyForDeploymentPostprocessing = 0;
			shellPath = /bin/sh;
			shellScript = "\"${SRCROOT}/Pods/Target Support Files/Pods-example/Pods-example-frameworks.sh\"\n";
			showEnvVarsInLog = 0;
		};
/* End PBXShellScriptBuildPhase section */

/* Begin PBXSourcesBuildPhase section */
		56077CB01DED2EE300CC4D0D /* Sources */ = {
			isa = PBXSourcesBuildPhase;
			buildActionMask = 2147483647;
			files = (
				563287A5205F92C300271875 /* ObjectCOther_ViewController.m in Sources */,
				5684888E1E7A82D3004F8A06 /* GCD.m in Sources */,
				5632879C205F92C300271875 /* KIHotFixTool.m in Sources */,
				5632877A205F92C300271875 /* OtherViewController.m in Sources */,
				56328774205F92C300271875 /* Flur_ViewController.m in Sources */,
				56328781205F92C300271875 /* SureCustomActionSheet.m in Sources */,
				563287AD205F968B00271875 /* KICustomBarOfColVC.m in Sources */,
				56328795205F92C300271875 /* TransitionDelegate.m in Sources */,
				56328778205F92C300271875 /* UIImage+GPUImage.m in Sources */,
				5632879F205F92C300271875 /* MsgSend_ViewController.m in Sources */,
				5632879E205F92C300271875 /* CYRuntimeViewController.m in Sources */,
				56328797205F92C300271875 /* Swift_ViewController.m in Sources */,
				563287A0205F92C300271875 /* People+Categroy.m in Sources */,
				563287A9205F92C300271875 /* YYTextViewController.m in Sources */,
				56328798205F92C300271875 /* test.swift in Sources */,
				15AB67CC208604C50094924B /* KIUIMasonryConstraint.m in Sources */,
				56328783205F92C300271875 /* UI_Input_VC.m in Sources */,
				5632878F205F92C300271875 /* CustomLineLayout.m in Sources */,
				565891F01ECC1BC50025064E /* KIUIContainerControl.m in Sources */,
				5632877F205F92C300271875 /* QuartzCoreView.m in Sources */,
				5632878D205F92C300271875 /* Custom_CollectionViewCell.m in Sources */,
				563287A7205F92C300271875 /* UIImage+MYKit.m in Sources */,
				5632877B205F92C300271875 /* Layer_Event_TestVC.m in Sources */,
				56077CBF1DED2EE300CC4D0D /* ViewController.m in Sources */,
				56328787205F92C300271875 /* IMG_ViewController.m in Sources */,
				56077CBC1DED2EE300CC4D0D /* AppDelegate.m in Sources */,
				5632878B205F92C300271875 /* Collection_VC.m in Sources */,
				56328776205F92C300271875 /* GPUFlur_ViewController.m in Sources */,
				56328777205F92C300271875 /* UIImage+FEBoxBlur.m in Sources */,
				56328796205F92C300271875 /* gifImageViewController.swift in Sources */,
				56C253B81E53EEAB00C5DA8E /* AFNHelp.m in Sources */,
				563287A1205F92C300271875 /* People.m in Sources */,
				56328792205F92C300271875 /* PresentationController.m in Sources */,
				5632879B205F92C300271875 /* KIHotFixTest.m in Sources */,
				56328793205F92C300271875 /* TargetViewController.m in Sources */,
				5632878E205F92C300271875 /* CustomLayout.m in Sources */,
				5632878A205F92C300271875 /* RegurOrHtmlViewController.m in Sources */,
				56328786205F92C300271875 /* UITableView+Extension.m in Sources */,
				5632877C205F92C300271875 /* Layer_ViewController.m in Sources */,
				56328791205F92C300271875 /* ChangeArray.m in Sources */,
				563794971E56A0CB00CA645C /* FileHelp.m in Sources */,
				56328794205F92C300271875 /* Transition_ViewController.m in Sources */,
				563287A6205F92C300271875 /* Function.m in Sources */,
				5632877D205F92C300271875 /* Line_ViewController.m in Sources */,
				56328775205F92C300271875 /* GPU_ViewController.m in Sources */,
				563287A8205F92C300271875 /* YYText_1_ViewController.m in Sources */,
				5632879A205F92C300271875 /* HotFix_ViewController.m in Sources */,
				56DE8F272060E19100729873 /* KICustomBean.m in Sources */,
				56328782205F92C300271875 /* UI_ViewController.m in Sources */,
				5632879D205F92C300271875 /* ObjectC_ViewController.m in Sources */,
				563287A4205F92C300271875 /* BreakPoint_ViewController.m in Sources */,
				56328799205F92C300271875 /* GCD_ViewController.m in Sources */,
				56328785205F92C300271875 /* TableVIew_ViewController.m in Sources */,
				56328771205F92C300271875 /* CSWK_ViewController.m in Sources */,
				56328780205F92C300271875 /* AlertOrActionSheet_ViewController.m in Sources */,
				56077CB91DED2EE300CC4D0D /* main.m in Sources */,
				56328779205F92C300271875 /* KIMasonryViewController.m in Sources */,
				5632877E205F92C300271875 /* MyCAShapeLayer.m in Sources */,
				5632878C205F92C300271875 /* Collection_ViewController.m in Sources */,
				563287A3205F92C300271875 /* KINSTestViewController.m in Sources */,
				56328790205F92C300271875 /* AnimatedTransitioning.m in Sources */,
				56328788205F92C300271875 /* OprationViewController.m in Sources */,
				563287A2205F92C300271875 /* PeopleProperty.m in Sources */,
				56328789205F92C300271875 /* APPIcon_ViewController.m in Sources */,
				56328784205F92C300271875 /* Face_ViewController.swift in Sources */,
			);
			runOnlyForDeploymentPostprocessing = 0;
		};
		56077CC91DED2EE300CC4D0D /* Sources */ = {
			isa = PBXSourcesBuildPhase;
			buildActionMask = 2147483647;
			files = (
			);
			runOnlyForDeploymentPostprocessing = 0;
		};
		56077CD41DED2EE300CC4D0D /* Sources */ = {
			isa = PBXSourcesBuildPhase;
			buildActionMask = 2147483647;
			files = (
			);
			runOnlyForDeploymentPostprocessing = 0;
		};
/* End PBXSourcesBuildPhase section */

/* Begin PBXTargetDependency section */
		56077CCF1DED2EE300CC4D0D /* PBXTargetDependency */ = {
			isa = PBXTargetDependency;
			target = 56077CB31DED2EE300CC4D0D /* example */;
			targetProxy = 56077CCE1DED2EE300CC4D0D /* PBXContainerItemProxy */;
		};
		56077CDA1DED2EE300CC4D0D /* PBXTargetDependency */ = {
			isa = PBXTargetDependency;
			target = 56077CB31DED2EE300CC4D0D /* example */;
			targetProxy = 56077CD91DED2EE300CC4D0D /* PBXContainerItemProxy */;
		};
/* End PBXTargetDependency section */

/* Begin PBXVariantGroup section */
		56077CC01DED2EE300CC4D0D /* Main.storyboard */ = {
			isa = PBXVariantGroup;
			children = (
				56077CC11DED2EE300CC4D0D /* Base */,
			);
			name = Main.storyboard;
			sourceTree = "<group>";
		};
		56077CC51DED2EE300CC4D0D /* LaunchScreen.storyboard */ = {
			isa = PBXVariantGroup;
			children = (
				56077CC61DED2EE300CC4D0D /* Base */,
			);
			name = LaunchScreen.storyboard;
			sourceTree = "<group>";
		};
/* End PBXVariantGroup section */

/* Begin XCBuildConfiguration section */
		56077CDF1DED2EE300CC4D0D /* Debug */ = {
			isa = XCBuildConfiguration;
			buildSettings = {
				ALWAYS_SEARCH_USER_PATHS = NO;
				CLANG_ANALYZER_NONNULL = YES;
				CLANG_CXX_LANGUAGE_STANDARD = "gnu++0x";
				CLANG_CXX_LIBRARY = "libc++";
				CLANG_ENABLE_MODULES = YES;
				CLANG_ENABLE_OBJC_ARC = YES;
				CLANG_WARN_BOOL_CONVERSION = YES;
				CLANG_WARN_CONSTANT_CONVERSION = YES;
				CLANG_WARN_DIRECT_OBJC_ISA_USAGE = YES_ERROR;
				CLANG_WARN_DOCUMENTATION_COMMENTS = YES;
				CLANG_WARN_EMPTY_BODY = YES;
				CLANG_WARN_ENUM_CONVERSION = YES;
				CLANG_WARN_INFINITE_RECURSION = YES;
				CLANG_WARN_INT_CONVERSION = YES;
				CLANG_WARN_OBJC_ROOT_CLASS = YES_ERROR;
				CLANG_WARN_SUSPICIOUS_MOVES = YES;
				CLANG_WARN_UNREACHABLE_CODE = YES;
				CLANG_WARN__DUPLICATE_METHOD_MATCH = YES;
				"CODE_SIGN_IDENTITY[sdk=iphoneos*]" = "iPhone Developer";
				COPY_PHASE_STRIP = NO;
				DEBUG_INFORMATION_FORMAT = dwarf;
				ENABLE_STRICT_OBJC_MSGSEND = YES;
				ENABLE_TESTABILITY = YES;
				GCC_C_LANGUAGE_STANDARD = gnu99;
				GCC_DYNAMIC_NO_PIC = NO;
				GCC_NO_COMMON_BLOCKS = YES;
				GCC_OPTIMIZATION_LEVEL = 0;
				GCC_PREPROCESSOR_DEFINITIONS = (
					"DEBUG=1",
					"$(inherited)",
				);
				GCC_WARN_64_TO_32_BIT_CONVERSION = YES;
				GCC_WARN_ABOUT_RETURN_TYPE = YES_ERROR;
				GCC_WARN_UNDECLARED_SELECTOR = YES;
				GCC_WARN_UNINITIALIZED_AUTOS = YES_AGGRESSIVE;
				GCC_WARN_UNUSED_FUNCTION = YES;
				GCC_WARN_UNUSED_VARIABLE = YES;
				IPHONEOS_DEPLOYMENT_TARGET = 8.0;
				MTL_ENABLE_DEBUG_INFO = YES;
				ONLY_ACTIVE_ARCH = YES;
				SDKROOT = iphoneos;
			};
			name = Debug;
		};
		56077CE01DED2EE300CC4D0D /* Release */ = {
			isa = XCBuildConfiguration;
			buildSettings = {
				ALWAYS_SEARCH_USER_PATHS = NO;
				CLANG_ANALYZER_NONNULL = YES;
				CLANG_CXX_LANGUAGE_STANDARD = "gnu++0x";
				CLANG_CXX_LIBRARY = "libc++";
				CLANG_ENABLE_MODULES = YES;
				CLANG_ENABLE_OBJC_ARC = YES;
				CLANG_WARN_BOOL_CONVERSION = YES;
				CLANG_WARN_CONSTANT_CONVERSION = YES;
				CLANG_WARN_DIRECT_OBJC_ISA_USAGE = YES_ERROR;
				CLANG_WARN_DOCUMENTATION_COMMENTS = YES;
				CLANG_WARN_EMPTY_BODY = YES;
				CLANG_WARN_ENUM_CONVERSION = YES;
				CLANG_WARN_INFINITE_RECURSION = YES;
				CLANG_WARN_INT_CONVERSION = YES;
				CLANG_WARN_OBJC_ROOT_CLASS = YES_ERROR;
				CLANG_WARN_SUSPICIOUS_MOVES = YES;
				CLANG_WARN_UNREACHABLE_CODE = YES;
				CLANG_WARN__DUPLICATE_METHOD_MATCH = YES;
				"CODE_SIGN_IDENTITY[sdk=iphoneos*]" = "iPhone Developer";
				COPY_PHASE_STRIP = NO;
				DEBUG_INFORMATION_FORMAT = "dwarf-with-dsym";
				ENABLE_NS_ASSERTIONS = NO;
				ENABLE_STRICT_OBJC_MSGSEND = YES;
				GCC_C_LANGUAGE_STANDARD = gnu99;
				GCC_NO_COMMON_BLOCKS = YES;
				GCC_WARN_64_TO_32_BIT_CONVERSION = YES;
				GCC_WARN_ABOUT_RETURN_TYPE = YES_ERROR;
				GCC_WARN_UNDECLARED_SELECTOR = YES;
				GCC_WARN_UNINITIALIZED_AUTOS = YES_AGGRESSIVE;
				GCC_WARN_UNUSED_FUNCTION = YES;
				GCC_WARN_UNUSED_VARIABLE = YES;
				IPHONEOS_DEPLOYMENT_TARGET = 8.0;
				MTL_ENABLE_DEBUG_INFO = NO;
				SDKROOT = iphoneos;
				VALIDATE_PRODUCT = YES;
			};
			name = Release;
		};
		56077CE21DED2EE300CC4D0D /* Debug */ = {
			isa = XCBuildConfiguration;
			baseConfigurationReference = 9807C853E15BFDFD2B7E8406 /* Pods-example.debug.xcconfig */;
			buildSettings = {
				ASSETCATALOG_COMPILER_APPICON_NAME = AppIcon;
				CLANG_ENABLE_MODULES = YES;
				CODE_SIGN_IDENTITY = "iPhone Distribution: Hangzhou Dianchuang Technology Co.,Ltd (959Q9RL588)";
				"CODE_SIGN_IDENTITY[sdk=iphoneos*]" = "iPhone Developer";
				DEFINES_MODULE = YES;
				DEVELOPMENT_TEAM = 8TQ5J5ANUH;
				ENABLE_STRICT_OBJC_MSGSEND = NO;
				FRAMEWORK_SEARCH_PATHS = (
					"$(inherited)",
					"\"$PODS_CONFIGURATION_BUILD_DIR/AFNetworking\"",
					"\"$PODS_CONFIGURATION_BUILD_DIR/Aspects\"",
					"\"$PODS_CONFIGURATION_BUILD_DIR/ESCategories\"",
					"\"$PODS_CONFIGURATION_BUILD_DIR/FMDB\"",
					"\"$PODS_CONFIGURATION_BUILD_DIR/GPUImage\"",
					"\"$PODS_CONFIGURATION_BUILD_DIR/JLRoutes\"",
					"\"$PODS_CONFIGURATION_BUILD_DIR/MBProgressHUD\"",
					"\"$PODS_CONFIGURATION_BUILD_DIR/MJExtension\"",
					"\"$PODS_CONFIGURATION_BUILD_DIR/MJRefresh\"",
					"\"$PODS_CONFIGURATION_BUILD_DIR/Masonry\"",
					"\"$PODS_CONFIGURATION_BUILD_DIR/QMUIKit\"",
					"\"$PODS_CONFIGURATION_BUILD_DIR/RTRootNavigationController\"",
					"\"$PODS_CONFIGURATION_BUILD_DIR/ReactiveCocoa\"",
					"\"$PODS_CONFIGURATION_BUILD_DIR/SDWebImage\"",
					"\"$PODS_CONFIGURATION_BUILD_DIR/SwiftMonkey\"",
					"\"$PODS_CONFIGURATION_BUILD_DIR/SwiftMonkeyPaws\"",
					"\"$PODS_CONFIGURATION_BUILD_DIR/libwebp\"",
				);
				GCC_PREFIX_HEADER = example/PrefixHeader.pch;
				INFOPLIST_FILE = example/Info.plist;
				IPHONEOS_DEPLOYMENT_TARGET = 9.0;
				LD_RUNPATH_SEARCH_PATHS = "$(inherited) @executable_path/Frameworks";
				PRODUCT_BUNDLE_IDENTIFIER = com.cyfsoftware163.example1;
				PRODUCT_NAME = "$(TARGET_NAME)";
				SWIFT_OBJC_BRIDGING_HEADER = "example/测试/example-Bridging-Header.h";
				SWIFT_OPTIMIZATION_LEVEL = "-Onone";
				SWIFT_VERSION = 4.0;
			};
			name = Debug;
		};
		56077CE31DED2EE300CC4D0D /* Release */ = {
			isa = XCBuildConfiguration;
			baseConfigurationReference = 648021377E39324018E9156E /* Pods-example.release.xcconfig */;
			buildSettings = {
				ASSETCATALOG_COMPILER_APPICON_NAME = AppIcon;
				CLANG_ENABLE_MODULES = YES;
				CODE_SIGN_IDENTITY = "iPhone Distribution: Hangzhou Dianchuang Technology Co.,Ltd (959Q9RL588)";
				"CODE_SIGN_IDENTITY[sdk=iphoneos*]" = "iPhone Developer";
				DEFINES_MODULE = YES;
				DEVELOPMENT_TEAM = 8TQ5J5ANUH;
				ENABLE_STRICT_OBJC_MSGSEND = NO;
				FRAMEWORK_SEARCH_PATHS = (
					"$(inherited)",
					"\"$PODS_CONFIGURATION_BUILD_DIR/AFNetworking\"",
					"\"$PODS_CONFIGURATION_BUILD_DIR/Aspects\"",
					"\"$PODS_CONFIGURATION_BUILD_DIR/ESCategories\"",
					"\"$PODS_CONFIGURATION_BUILD_DIR/FMDB\"",
					"\"$PODS_CONFIGURATION_BUILD_DIR/GPUImage\"",
					"\"$PODS_CONFIGURATION_BUILD_DIR/JLRoutes\"",
					"\"$PODS_CONFIGURATION_BUILD_DIR/MBProgressHUD\"",
					"\"$PODS_CONFIGURATION_BUILD_DIR/MJExtension\"",
					"\"$PODS_CONFIGURATION_BUILD_DIR/MJRefresh\"",
					"\"$PODS_CONFIGURATION_BUILD_DIR/Masonry\"",
					"\"$PODS_CONFIGURATION_BUILD_DIR/QMUIKit\"",
					"\"$PODS_CONFIGURATION_BUILD_DIR/RTRootNavigationController\"",
					"\"$PODS_CONFIGURATION_BUILD_DIR/ReactiveCocoa\"",
					"\"$PODS_CONFIGURATION_BUILD_DIR/SDWebImage\"",
					"\"$PODS_CONFIGURATION_BUILD_DIR/SwiftMonkey\"",
					"\"$PODS_CONFIGURATION_BUILD_DIR/SwiftMonkeyPaws\"",
					"\"$PODS_CONFIGURATION_BUILD_DIR/libwebp\"",
				);
				GCC_PREFIX_HEADER = example/PrefixHeader.pch;
				INFOPLIST_FILE = example/Info.plist;
				IPHONEOS_DEPLOYMENT_TARGET = 9.0;
				LD_RUNPATH_SEARCH_PATHS = "$(inherited) @executable_path/Frameworks";
				PRODUCT_BUNDLE_IDENTIFIER = com.cyfsoftware163.example1;
				PRODUCT_NAME = "$(TARGET_NAME)";
				SWIFT_OBJC_BRIDGING_HEADER = "example/测试/example-Bridging-Header.h";
				SWIFT_VERSION = 4.0;
			};
			name = Release;
		};
		56077CE51DED2EE300CC4D0D /* Debug */ = {
			isa = XCBuildConfiguration;
			buildSettings = {
				ALWAYS_EMBED_SWIFT_STANDARD_LIBRARIES = YES;
				BUNDLE_LOADER = "$(TEST_HOST)";
				CLANG_ENABLE_MODULES = YES;
				INFOPLIST_FILE = exampleTests/Info.plist;
				LD_RUNPATH_SEARCH_PATHS = "$(inherited) @executable_path/Frameworks @loader_path/Frameworks";
				PRODUCT_BUNDLE_IDENTIFIER = com.cyfsoftware163.exampleTests;
				PRODUCT_NAME = "$(TARGET_NAME)";
				SWIFT_OBJC_BRIDGING_HEADER = "exampleTests-Bridging-Header.h";
				SWIFT_OPTIMIZATION_LEVEL = "-Onone";
				SWIFT_VERSION = 4.0;
				TEST_HOST = "$(BUILT_PRODUCTS_DIR)/example.app/example";
			};
			name = Debug;
		};
		56077CE61DED2EE300CC4D0D /* Release */ = {
			isa = XCBuildConfiguration;
			buildSettings = {
				ALWAYS_EMBED_SWIFT_STANDARD_LIBRARIES = YES;
				BUNDLE_LOADER = "$(TEST_HOST)";
				CLANG_ENABLE_MODULES = YES;
				INFOPLIST_FILE = exampleTests/Info.plist;
				LD_RUNPATH_SEARCH_PATHS = "$(inherited) @executable_path/Frameworks @loader_path/Frameworks";
				PRODUCT_BUNDLE_IDENTIFIER = com.cyfsoftware163.exampleTests;
				PRODUCT_NAME = "$(TARGET_NAME)";
				SWIFT_OBJC_BRIDGING_HEADER = "exampleTests-Bridging-Header.h";
				SWIFT_VERSION = 4.0;
				TEST_HOST = "$(BUILT_PRODUCTS_DIR)/example.app/example";
			};
			name = Release;
		};
		56077CE81DED2EE300CC4D0D /* Debug */ = {
			isa = XCBuildConfiguration;
			buildSettings = {
				ALWAYS_EMBED_SWIFT_STANDARD_LIBRARIES = YES;
				INFOPLIST_FILE = exampleUITests/Info.plist;
				LD_RUNPATH_SEARCH_PATHS = "$(inherited) @executable_path/Frameworks @loader_path/Frameworks";
				PRODUCT_BUNDLE_IDENTIFIER = com.cyfsoftware163.exampleUITests;
				PRODUCT_NAME = "$(TARGET_NAME)";
				TEST_TARGET_NAME = example;
			};
			name = Debug;
		};
		56077CE91DED2EE300CC4D0D /* Release */ = {
			isa = XCBuildConfiguration;
			buildSettings = {
				ALWAYS_EMBED_SWIFT_STANDARD_LIBRARIES = YES;
				INFOPLIST_FILE = exampleUITests/Info.plist;
				LD_RUNPATH_SEARCH_PATHS = "$(inherited) @executable_path/Frameworks @loader_path/Frameworks";
				PRODUCT_BUNDLE_IDENTIFIER = com.cyfsoftware163.exampleUITests;
				PRODUCT_NAME = "$(TARGET_NAME)";
				TEST_TARGET_NAME = example;
			};
			name = Release;
		};
/* End XCBuildConfiguration section */

/* Begin XCConfigurationList section */
		56077CAF1DED2EE300CC4D0D /* Build configuration list for PBXProject "example" */ = {
			isa = XCConfigurationList;
			buildConfigurations = (
				56077CDF1DED2EE300CC4D0D /* Debug */,
				56077CE01DED2EE300CC4D0D /* Release */,
			);
			defaultConfigurationIsVisible = 0;
			defaultConfigurationName = Release;
		};
		56077CE11DED2EE300CC4D0D /* Build configuration list for PBXNativeTarget "example" */ = {
			isa = XCConfigurationList;
			buildConfigurations = (
				56077CE21DED2EE300CC4D0D /* Debug */,
				56077CE31DED2EE300CC4D0D /* Release */,
			);
			defaultConfigurationIsVisible = 0;
			defaultConfigurationName = Release;
		};
		56077CE41DED2EE300CC4D0D /* Build configuration list for PBXNativeTarget "exampleTests" */ = {
			isa = XCConfigurationList;
			buildConfigurations = (
				56077CE51DED2EE300CC4D0D /* Debug */,
				56077CE61DED2EE300CC4D0D /* Release */,
			);
			defaultConfigurationIsVisible = 0;
			defaultConfigurationName = Release;
		};
		56077CE71DED2EE300CC4D0D /* Build configuration list for PBXNativeTarget "exampleUITests" */ = {
			isa = XCConfigurationList;
			buildConfigurations = (
				56077CE81DED2EE300CC4D0D /* Debug */,
				56077CE91DED2EE300CC4D0D /* Release */,
			);
			defaultConfigurationIsVisible = 0;
			defaultConfigurationName = Release;
		};
/* End XCConfigurationList section */
	};
	rootObject = 56077CAC1DED2EE300CC4D0D /* Project object */;
}
